// !$*UTF8*$!
{
	archiveVersion = 1;
	classes = {
	};
	objectVersion = 46;
	objects = {

/* Begin PBXBuildFile section */
		247C6A571DE3E0D300B83A3D /* main.m in Sources */ = {isa = PBXBuildFile; fileRef = 247C6A561DE3E0D300B83A3D /* main.m */; };
		247C6A5A1DE3E0D300B83A3D /* AppDelegate.m in Sources */ = {isa = PBXBuildFile; fileRef = 247C6A591DE3E0D300B83A3D /* AppDelegate.m */; };
		247C6A601DE3E0D300B83A3D /* Main.storyboard in Resources */ = {isa = PBXBuildFile; fileRef = 247C6A5E1DE3E0D300B83A3D /* Main.storyboard */; };
		247C6A621DE3E0D300B83A3D /* Assets.xcassets in Resources */ = {isa = PBXBuildFile; fileRef = 247C6A611DE3E0D300B83A3D /* Assets.xcassets */; };
		247C6A651DE3E0D300B83A3D /* LaunchScreen.storyboard in Resources */ = {isa = PBXBuildFile; fileRef = 247C6A631DE3E0D300B83A3D /* LaunchScreen.storyboard */; };
		247C6A701DE3E0D300B83A3D /* GIFGuideViewTests.m in Sources */ = {isa = PBXBuildFile; fileRef = 247C6A6F1DE3E0D300B83A3D /* GIFGuideViewTests.m */; };
		247C6A7B1DE3E0D300B83A3D /* GIFGuideViewUITests.m in Sources */ = {isa = PBXBuildFile; fileRef = 247C6A7A1DE3E0D300B83A3D /* GIFGuideViewUITests.m */; };
		247C6A8D1DE3E98200B83A3D /* FLAnimatedImage.m in Sources */ = {isa = PBXBuildFile; fileRef = 247C6A8A1DE3E98200B83A3D /* FLAnimatedImage.m */; };
		247C6A8E1DE3E98200B83A3D /* FLAnimatedImageView.m in Sources */ = {isa = PBXBuildFile; fileRef = 247C6A8C1DE3E98200B83A3D /* FLAnimatedImageView.m */; };
		247C6A921DE3E9B700B83A3D /* LoginViewController.m in Sources */ = {isa = PBXBuildFile; fileRef = 247C6A901DE3E9B700B83A3D /* LoginViewController.m */; };
		247C6A931DE3E9B700B83A3D /* LoginViewController.xib in Resources */ = {isa = PBXBuildFile; fileRef = 247C6A911DE3E9B700B83A3D /* LoginViewController.xib */; };
		247C6AC41DE3FA0300B83A3D /* MKAnnotationView+WebCache.m in Sources */ = {isa = PBXBuildFile; fileRef = 247C6AA41DE3FA0300B83A3D /* MKAnnotationView+WebCache.m */; };
		247C6AC51DE3FA0300B83A3D /* NSData+ImageContentType.m in Sources */ = {isa = PBXBuildFile; fileRef = 247C6AA61DE3FA0300B83A3D /* NSData+ImageContentType.m */; };
		247C6AC61DE3FA0300B83A3D /* SDImageCache.m in Sources */ = {isa = PBXBuildFile; fileRef = 247C6AA81DE3FA0300B83A3D /* SDImageCache.m */; };
		247C6AC71DE3FA0300B83A3D /* SDWebImageCompat.m in Sources */ = {isa = PBXBuildFile; fileRef = 247C6AAA1DE3FA0300B83A3D /* SDWebImageCompat.m */; };
		247C6AC81DE3FA0300B83A3D /* SDWebImageDecoder.m in Sources */ = {isa = PBXBuildFile; fileRef = 247C6AAC1DE3FA0300B83A3D /* SDWebImageDecoder.m */; };
		247C6AC91DE3FA0300B83A3D /* SDWebImageDownloader.m in Sources */ = {isa = PBXBuildFile; fileRef = 247C6AAE1DE3FA0300B83A3D /* SDWebImageDownloader.m */; };
		247C6ACA1DE3FA0300B83A3D /* SDWebImageDownloaderOperation.m in Sources */ = {isa = PBXBuildFile; fileRef = 247C6AB01DE3FA0300B83A3D /* SDWebImageDownloaderOperation.m */; };
		247C6ACB1DE3FA0300B83A3D /* SDWebImageManager.m in Sources */ = {isa = PBXBuildFile; fileRef = 247C6AB21DE3FA0300B83A3D /* SDWebImageManager.m */; };
		247C6ACC1DE3FA0300B83A3D /* SDWebImagePrefetcher.m in Sources */ = {isa = PBXBuildFile; fileRef = 247C6AB51DE3FA0300B83A3D /* SDWebImagePrefetcher.m */; };
		247C6ACD1DE3FA0300B83A3D /* UIButton+WebCache.m in Sources */ = {isa = PBXBuildFile; fileRef = 247C6AB71DE3FA0300B83A3D /* UIButton+WebCache.m */; };
		247C6ACE1DE3FA0300B83A3D /* UIImage+GIF.m in Sources */ = {isa = PBXBuildFile; fileRef = 247C6AB91DE3FA0300B83A3D /* UIImage+GIF.m */; };
		247C6ACF1DE3FA0300B83A3D /* UIImage+MultiFormat.m in Sources */ = {isa = PBXBuildFile; fileRef = 247C6ABB1DE3FA0300B83A3D /* UIImage+MultiFormat.m */; };
		247C6AD01DE3FA0300B83A3D /* UIImage+WebP.m in Sources */ = {isa = PBXBuildFile; fileRef = 247C6ABD1DE3FA0300B83A3D /* UIImage+WebP.m */; };
		247C6AD11DE3FA0300B83A3D /* UIImageView+HighlightedWebCache.m in Sources */ = {isa = PBXBuildFile; fileRef = 247C6ABF1DE3FA0300B83A3D /* UIImageView+HighlightedWebCache.m */; };
		247C6AD21DE3FA0300B83A3D /* UIImageView+WebCache.m in Sources */ = {isa = PBXBuildFile; fileRef = 247C6AC11DE3FA0300B83A3D /* UIImageView+WebCache.m */; };
		247C6AD31DE3FA0300B83A3D /* UIView+WebCacheOperation.m in Sources */ = {isa = PBXBuildFile; fileRef = 247C6AC31DE3FA0300B83A3D /* UIView+WebCacheOperation.m */; };
		247C6ADC1DE3FA2D00B83A3D /* Entry@2x.png in Resources */ = {isa = PBXBuildFile; fileRef = 247C6AD51DE3FA2D00B83A3D /* Entry@2x.png */; };
		247C6ADD1DE3FA2D00B83A3D /* Entry@3x.png in Resources */ = {isa = PBXBuildFile; fileRef = 247C6AD61DE3FA2D00B83A3D /* Entry@3x.png */; };
		247C6ADE1DE3FA2D00B83A3D /* GuidePage1.gif in Resources */ = {isa = PBXBuildFile; fileRef = 247C6AD71DE3FA2D00B83A3D /* GuidePage1.gif */; };
		247C6ADF1DE3FA2D00B83A3D /* GuidePage2.gif in Resources */ = {isa = PBXBuildFile; fileRef = 247C6AD81DE3FA2D00B83A3D /* GuidePage2.gif */; };
		247C6AE01DE3FA2D00B83A3D /* GuidePage3.gif in Resources */ = {isa = PBXBuildFile; fileRef = 247C6AD91DE3FA2D00B83A3D /* GuidePage3.gif */; };
		247C6AE11DE3FA2D00B83A3D /* GuidePage4.gif in Resources */ = {isa = PBXBuildFile; fileRef = 247C6ADA1DE3FA2D00B83A3D /* GuidePage4.gif */; };
		247C6AE21DE3FA2D00B83A3D /* GuidePage5.gif in Resources */ = {isa = PBXBuildFile; fileRef = 247C6ADB1DE3FA2D00B83A3D /* GuidePage5.gif */; };
		247C6AE81DE3FAD500B83A3D /* UITableView+SDAutoTableViewCellHeight.m in Sources */ = {isa = PBXBuildFile; fileRef = 247C6AE51DE3FAD500B83A3D /* UITableView+SDAutoTableViewCellHeight.m */; };
		247C6AE91DE3FAD500B83A3D /* UIView+SDAutoLayout.m in Sources */ = {isa = PBXBuildFile; fileRef = 247C6AE71DE3FAD500B83A3D /* UIView+SDAutoLayout.m */; };
		247C6B121DE4298A00B83A3D /* GuidePageController.m in Sources */ = {isa = PBXBuildFile; fileRef = 247C6B101DE4298A00B83A3D /* GuidePageController.m */; };
		247C6B131DE4298A00B83A3D /* GuidePageController.xib in Resources */ = {isa = PBXBuildFile; fileRef = 247C6B111DE4298A00B83A3D /* GuidePageController.xib */; };
/* End PBXBuildFile section */

/* Begin PBXContainerItemProxy section */
		247C6A6C1DE3E0D300B83A3D /* PBXContainerItemProxy */ = {
			isa = PBXContainerItemProxy;
			containerPortal = 247C6A4A1DE3E0D300B83A3D /* Project object */;
			proxyType = 1;
			remoteGlobalIDString = 247C6A511DE3E0D300B83A3D;
			remoteInfo = GIFGuideView;
		};
		247C6A771DE3E0D300B83A3D /* PBXContainerItemProxy */ = {
			isa = PBXContainerItemProxy;
			containerPortal = 247C6A4A1DE3E0D300B83A3D /* Project object */;
			proxyType = 1;
			remoteGlobalIDString = 247C6A511DE3E0D300B83A3D;
			remoteInfo = GIFGuideView;
		};
/* End PBXContainerItemProxy section */

/* Begin PBXFileReference section */
		247C6A521DE3E0D300B83A3D /* GIFGuideView.app */ = {isa = PBXFileReference; explicitFileType = wrapper.application; includeInIndex = 0; path = GIFGuideView.app; sourceTree = BUILT_PRODUCTS_DIR; };
		247C6A561DE3E0D300B83A3D /* main.m */ = {isa = PBXFileReference; lastKnownFileType = sourcecode.c.objc; path = main.m; sourceTree = "<group>"; };
		247C6A581DE3E0D300B83A3D /* AppDelegate.h */ = {isa = PBXFileReference; lastKnownFileType = sourcecode.c.h; path = AppDelegate.h; sourceTree = "<group>"; };
		247C6A591DE3E0D300B83A3D /* AppDelegate.m */ = {isa = PBXFileReference; lastKnownFileType = sourcecode.c.objc; path = AppDelegate.m; sourceTree = "<group>"; };
		247C6A5F1DE3E0D300B83A3D /* Base */ = {isa = PBXFileReference; lastKnownFileType = file.storyboard; name = Base; path = Base.lproj/Main.storyboard; sourceTree = "<group>"; };
		247C6A611DE3E0D300B83A3D /* Assets.xcassets */ = {isa = PBXFileReference; lastKnownFileType = folder.assetcatalog; path = Assets.xcassets; sourceTree = "<group>"; };
		247C6A641DE3E0D300B83A3D /* Base */ = {isa = PBXFileReference; lastKnownFileType = file.storyboard; name = Base; path = Base.lproj/LaunchScreen.storyboard; sourceTree = "<group>"; };
		247C6A661DE3E0D300B83A3D /* Info.plist */ = {isa = PBXFileReference; lastKnownFileType = text.plist.xml; path = Info.plist; sourceTree = "<group>"; };
		247C6A6B1DE3E0D300B83A3D /* GIFGuideViewTests.xctest */ = {isa = PBXFileReference; explicitFileType = wrapper.cfbundle; includeInIndex = 0; path = GIFGuideViewTests.xctest; sourceTree = BUILT_PRODUCTS_DIR; };
		247C6A6F1DE3E0D300B83A3D /* GIFGuideViewTests.m */ = {isa = PBXFileReference; lastKnownFileType = sourcecode.c.objc; path = GIFGuideViewTests.m; sourceTree = "<group>"; };
		247C6A711DE3E0D300B83A3D /* Info.plist */ = {isa = PBXFileReference; lastKnownFileType = text.plist.xml; path = Info.plist; sourceTree = "<group>"; };
		247C6A761DE3E0D300B83A3D /* GIFGuideViewUITests.xctest */ = {isa = PBXFileReference; explicitFileType = wrapper.cfbundle; includeInIndex = 0; path = GIFGuideViewUITests.xctest; sourceTree = BUILT_PRODUCTS_DIR; };
		247C6A7A1DE3E0D300B83A3D /* GIFGuideViewUITests.m */ = {isa = PBXFileReference; lastKnownFileType = sourcecode.c.objc; path = GIFGuideViewUITests.m; sourceTree = "<group>"; };
		247C6A7C1DE3E0D300B83A3D /* Info.plist */ = {isa = PBXFileReference; lastKnownFileType = text.plist.xml; path = Info.plist; sourceTree = "<group>"; };
		247C6A891DE3E98200B83A3D /* FLAnimatedImage.h */ = {isa = PBXFileReference; fileEncoding = 4; lastKnownFileType = sourcecode.c.h; path = FLAnimatedImage.h; sourceTree = "<group>"; };
		247C6A8A1DE3E98200B83A3D /* FLAnimatedImage.m */ = {isa = PBXFileReference; fileEncoding = 4; lastKnownFileType = sourcecode.c.objc; path = FLAnimatedImage.m; sourceTree = "<group>"; };
		247C6A8B1DE3E98200B83A3D /* FLAnimatedImageView.h */ = {isa = PBXFileReference; fileEncoding = 4; lastKnownFileType = sourcecode.c.h; path = FLAnimatedImageView.h; sourceTree = "<group>"; };
		247C6A8C1DE3E98200B83A3D /* FLAnimatedImageView.m */ = {isa = PBXFileReference; fileEncoding = 4; lastKnownFileType = sourcecode.c.objc; path = FLAnimatedImageView.m; sourceTree = "<group>"; };
		247C6A8F1DE3E9B700B83A3D /* LoginViewController.h */ = {isa = PBXFileReference; fileEncoding = 4; lastKnownFileType = sourcecode.c.h; path = LoginViewController.h; sourceTree = "<group>"; };
		247C6A901DE3E9B700B83A3D /* LoginViewController.m */ = {isa = PBXFileReference; fileEncoding = 4; lastKnownFileType = sourcecode.c.objc; path = LoginViewController.m; sourceTree = "<group>"; };
		247C6A911DE3E9B700B83A3D /* LoginViewController.xib */ = {isa = PBXFileReference; fileEncoding = 4; lastKnownFileType = file.xib; path = LoginViewController.xib; sourceTree = "<group>"; };
		247C6AA31DE3FA0300B83A3D /* MKAnnotationView+WebCache.h */ = {isa = PBXFileReference; fileEncoding = 4; lastKnownFileType = sourcecode.c.h; path = "MKAnnotationView+WebCache.h"; sourceTree = "<group>"; };
		247C6AA41DE3FA0300B83A3D /* MKAnnotationView+WebCache.m */ = {isa = PBXFileReference; fileEncoding = 4; lastKnownFileType = sourcecode.c.objc; path = "MKAnnotationView+WebCache.m"; sourceTree = "<group>"; };
		247C6AA51DE3FA0300B83A3D /* NSData+ImageContentType.h */ = {isa = PBXFileReference; fileEncoding = 4; lastKnownFileType = sourcecode.c.h; path = "NSData+ImageContentType.h"; sourceTree = "<group>"; };
		247C6AA61DE3FA0300B83A3D /* NSData+ImageContentType.m */ = {isa = PBXFileReference; fileEncoding = 4; lastKnownFileType = sourcecode.c.objc; path = "NSData+ImageContentType.m"; sourceTree = "<group>"; };
		247C6AA71DE3FA0300B83A3D /* SDImageCache.h */ = {isa = PBXFileReference; fileEncoding = 4; lastKnownFileType = sourcecode.c.h; path = SDImageCache.h; sourceTree = "<group>"; };
		247C6AA81DE3FA0300B83A3D /* SDImageCache.m */ = {isa = PBXFileReference; fileEncoding = 4; lastKnownFileType = sourcecode.c.objc; path = SDImageCache.m; sourceTree = "<group>"; };
		247C6AA91DE3FA0300B83A3D /* SDWebImageCompat.h */ = {isa = PBXFileReference; fileEncoding = 4; lastKnownFileType = sourcecode.c.h; path = SDWebImageCompat.h; sourceTree = "<group>"; };
		247C6AAA1DE3FA0300B83A3D /* SDWebImageCompat.m */ = {isa = PBXFileReference; fileEncoding = 4; lastKnownFileType = sourcecode.c.objc; path = SDWebImageCompat.m; sourceTree = "<group>"; };
		247C6AAB1DE3FA0300B83A3D /* SDWebImageDecoder.h */ = {isa = PBXFileReference; fileEncoding = 4; lastKnownFileType = sourcecode.c.h; path = SDWebImageDecoder.h; sourceTree = "<group>"; };
		247C6AAC1DE3FA0300B83A3D /* SDWebImageDecoder.m */ = {isa = PBXFileReference; fileEncoding = 4; lastKnownFileType = sourcecode.c.objc; path = SDWebImageDecoder.m; sourceTree = "<group>"; };
		247C6AAD1DE3FA0300B83A3D /* SDWebImageDownloader.h */ = {isa = PBXFileReference; fileEncoding = 4; lastKnownFileType = sourcecode.c.h; path = SDWebImageDownloader.h; sourceTree = "<group>"; };
		247C6AAE1DE3FA0300B83A3D /* SDWebImageDownloader.m */ = {isa = PBXFileReference; fileEncoding = 4; lastKnownFileType = sourcecode.c.objc; path = SDWebImageDownloader.m; sourceTree = "<group>"; };
		247C6AAF1DE3FA0300B83A3D /* SDWebImageDownloaderOperation.h */ = {isa = PBXFileReference; fileEncoding = 4; lastKnownFileType = sourcecode.c.h; path = SDWebImageDownloaderOperation.h; sourceTree = "<group>"; };
		247C6AB01DE3FA0300B83A3D /* SDWebImageDownloaderOperation.m */ = {isa = PBXFileReference; fileEncoding = 4; lastKnownFileType = sourcecode.c.objc; path = SDWebImageDownloaderOperation.m; sourceTree = "<group>"; };
		247C6AB11DE3FA0300B83A3D /* SDWebImageManager.h */ = {isa = PBXFileReference; fileEncoding = 4; lastKnownFileType = sourcecode.c.h; path = SDWebImageManager.h; sourceTree = "<group>"; };
		247C6AB21DE3FA0300B83A3D /* SDWebImageManager.m */ = {isa = PBXFileReference; fileEncoding = 4; lastKnownFileType = sourcecode.c.objc; path = SDWebImageManager.m; sourceTree = "<group>"; };
		247C6AB31DE3FA0300B83A3D /* SDWebImageOperation.h */ = {isa = PBXFileReference; fileEncoding = 4; lastKnownFileType = sourcecode.c.h; path = SDWebImageOperation.h; sourceTree = "<group>"; };
		247C6AB41DE3FA0300B83A3D /* SDWebImagePrefetcher.h */ = {isa = PBXFileReference; fileEncoding = 4; lastKnownFileType = sourcecode.c.h; path = SDWebImagePrefetcher.h; sourceTree = "<group>"; };
		247C6AB51DE3FA0300B83A3D /* SDWebImagePrefetcher.m */ = {isa = PBXFileReference; fileEncoding = 4; lastKnownFileType = sourcecode.c.objc; path = SDWebImagePrefetcher.m; sourceTree = "<group>"; };
		247C6AB61DE3FA0300B83A3D /* UIButton+WebCache.h */ = {isa = PBXFileReference; fileEncoding = 4; lastKnownFileType = sourcecode.c.h; path = "UIButton+WebCache.h"; sourceTree = "<group>"; };
		247C6AB71DE3FA0300B83A3D /* UIButton+WebCache.m */ = {isa = PBXFileReference; fileEncoding = 4; lastKnownFileType = sourcecode.c.objc; path = "UIButton+WebCache.m"; sourceTree = "<group>"; };
		247C6AB81DE3FA0300B83A3D /* UIImage+GIF.h */ = {isa = PBXFileReference; fileEncoding = 4; lastKnownFileType = sourcecode.c.h; path = "UIImage+GIF.h"; sourceTree = "<group>"; };
		247C6AB91DE3FA0300B83A3D /* UIImage+GIF.m */ = {isa = PBXFileReference; fileEncoding = 4; lastKnownFileType = sourcecode.c.objc; path = "UIImage+GIF.m"; sourceTree = "<group>"; };
		247C6ABA1DE3FA0300B83A3D /* UIImage+MultiFormat.h */ = {isa = PBXFileReference; fileEncoding = 4; lastKnownFileType = sourcecode.c.h; path = "UIImage+MultiFormat.h"; sourceTree = "<group>"; };
		247C6ABB1DE3FA0300B83A3D /* UIImage+MultiFormat.m */ = {isa = PBXFileReference; fileEncoding = 4; lastKnownFileType = sourcecode.c.objc; path = "UIImage+MultiFormat.m"; sourceTree = "<group>"; };
		247C6ABC1DE3FA0300B83A3D /* UIImage+WebP.h */ = {isa = PBXFileReference; fileEncoding = 4; lastKnownFileType = sourcecode.c.h; path = "UIImage+WebP.h"; sourceTree = "<group>"; };
		247C6ABD1DE3FA0300B83A3D /* UIImage+WebP.m */ = {isa = PBXFileReference; fileEncoding = 4; lastKnownFileType = sourcecode.c.objc; path = "UIImage+WebP.m"; sourceTree = "<group>"; };
		247C6ABE1DE3FA0300B83A3D /* UIImageView+HighlightedWebCache.h */ = {isa = PBXFileReference; fileEncoding = 4; lastKnownFileType = sourcecode.c.h; path = "UIImageView+HighlightedWebCache.h"; sourceTree = "<group>"; };
		247C6ABF1DE3FA0300B83A3D /* UIImageView+HighlightedWebCache.m */ = {isa = PBXFileReference; fileEncoding = 4; lastKnownFileType = sourcecode.c.objc; path = "UIImageView+HighlightedWebCache.m"; sourceTree = "<group>"; };
		247C6AC01DE3FA0300B83A3D /* UIImageView+WebCache.h */ = {isa = PBXFileReference; fileEncoding = 4; lastKnownFileType = sourcecode.c.h; path = "UIImageView+WebCache.h"; sourceTree = "<group>"; };
		247C6AC11DE3FA0300B83A3D /* UIImageView+WebCache.m */ = {isa = PBXFileReference; fileEncoding = 4; lastKnownFileType = sourcecode.c.objc; path = "UIImageView+WebCache.m"; sourceTree = "<group>"; };
		247C6AC21DE3FA0300B83A3D /* UIView+WebCacheOperation.h */ = {isa = PBXFileReference; fileEncoding = 4; lastKnownFileType = sourcecode.c.h; path = "UIView+WebCacheOperation.h"; sourceTree = "<group>"; };
		247C6AC31DE3FA0300B83A3D /* UIView+WebCacheOperation.m */ = {isa = PBXFileReference; fileEncoding = 4; lastKnownFileType = sourcecode.c.objc; path = "UIView+WebCacheOperation.m"; sourceTree = "<group>"; };
		247C6AD51DE3FA2D00B83A3D /* Entry@2x.png */ = {isa = PBXFileReference; lastKnownFileType = image.png; path = "Entry@2x.png"; sourceTree = "<group>"; };
		247C6AD61DE3FA2D00B83A3D /* Entry@3x.png */ = {isa = PBXFileReference; lastKnownFileType = image.png; path = "Entry@3x.png"; sourceTree = "<group>"; };
		247C6AD71DE3FA2D00B83A3D /* GuidePage1.gif */ = {isa = PBXFileReference; lastKnownFileType = image.gif; path = GuidePage1.gif; sourceTree = "<group>"; };
		247C6AD81DE3FA2D00B83A3D /* GuidePage2.gif */ = {isa = PBXFileReference; lastKnownFileType = image.gif; path = GuidePage2.gif; sourceTree = "<group>"; };
		247C6AD91DE3FA2D00B83A3D /* GuidePage3.gif */ = {isa = PBXFileReference; lastKnownFileType = image.gif; path = GuidePage3.gif; sourceTree = "<group>"; };
		247C6ADA1DE3FA2D00B83A3D /* GuidePage4.gif */ = {isa = PBXFileReference; lastKnownFileType = image.gif; path = GuidePage4.gif; sourceTree = "<group>"; };
		247C6ADB1DE3FA2D00B83A3D /* GuidePage5.gif */ = {isa = PBXFileReference; lastKnownFileType = image.gif; path = GuidePage5.gif; sourceTree = "<group>"; };
		247C6AE41DE3FAD500B83A3D /* UITableView+SDAutoTableViewCellHeight.h */ = {isa = PBXFileReference; fileEncoding = 4; lastKnownFileType = sourcecode.c.h; path = "UITableView+SDAutoTableViewCellHeight.h"; sourceTree = "<group>"; };
		247C6AE51DE3FAD500B83A3D /* UITableView+SDAutoTableViewCellHeight.m */ = {isa = PBXFileReference; fileEncoding = 4; lastKnownFileType = sourcecode.c.objc; path = "UITableView+SDAutoTableViewCellHeight.m"; sourceTree = "<group>"; };
		247C6AE61DE3FAD500B83A3D /* UIView+SDAutoLayout.h */ = {isa = PBXFileReference; fileEncoding = 4; lastKnownFileType = sourcecode.c.h; path = "UIView+SDAutoLayout.h"; sourceTree = "<group>"; };
		247C6AE71DE3FAD500B83A3D /* UIView+SDAutoLayout.m */ = {isa = PBXFileReference; fileEncoding = 4; lastKnownFileType = sourcecode.c.objc; path = "UIView+SDAutoLayout.m"; sourceTree = "<group>"; };
		247C6AEB1DE4200F00B83A3D /* ImageIO.framework */ = {isa = PBXFileReference; lastKnownFileType = wrapper.framework; name = ImageIO.framework; path = System/Library/Frameworks/ImageIO.framework; sourceTree = SDKROOT; };
		247C6AED1DE4202000B83A3D /* Foundation.framework */ = {isa = PBXFileReference; lastKnownFileType = wrapper.framework; name = Foundation.framework; path = System/Library/Frameworks/Foundation.framework; sourceTree = SDKROOT; };
		247C6AEF1DE4204300B83A3D /* UIKit.framework */ = {isa = PBXFileReference; lastKnownFileType = wrapper.framework; name = UIKit.framework; path = System/Library/Frameworks/UIKit.framework; sourceTree = SDKROOT; };
		247C6AF11DE4213900B83A3D /* AVFoundation.framework */ = {isa = PBXFileReference; lastKnownFileType = wrapper.framework; name = AVFoundation.framework; path = System/Library/Frameworks/AVFoundation.framework; sourceTree = SDKROOT; };
		247C6AF31DE4215600B83A3D /* CoreGraphics.framework */ = {isa = PBXFileReference; lastKnownFileType = wrapper.framework; name = CoreGraphics.framework; path = System/Library/Frameworks/CoreGraphics.framework; sourceTree = SDKROOT; };
		247C6AF51DE4225A00B83A3D /* AudioToolbox.framework */ = {isa = PBXFileReference; lastKnownFileType = wrapper.framework; name = AudioToolbox.framework; path = System/Library/Frameworks/AudioToolbox.framework; sourceTree = SDKROOT; };
		247C6AF71DE4228C00B83A3D /* libz.tbd */ = {isa = PBXFileReference; lastKnownFileType = "sourcecode.text-based-dylib-definition"; name = libz.tbd; path = usr/lib/libz.tbd; sourceTree = SDKROOT; };
		247C6AF91DE4242900B83A3D /* JavaScriptCore.framework */ = {isa = PBXFileReference; lastKnownFileType = wrapper.framework; name = JavaScriptCore.framework; path = System/Library/Frameworks/JavaScriptCore.framework; sourceTree = SDKROOT; };
		247C6AFB1DE4248C00B83A3D /* CoreImage.framework */ = {isa = PBXFileReference; lastKnownFileType = wrapper.framework; name = CoreImage.framework; path = System/Library/Frameworks/CoreImage.framework; sourceTree = SDKROOT; };
		247C6AFD1DE425AD00B83A3D /* SystemConfiguration.framework */ = {isa = PBXFileReference; lastKnownFileType = wrapper.framework; name = SystemConfiguration.framework; path = System/Library/Frameworks/SystemConfiguration.framework; sourceTree = SDKROOT; };
		247C6AFF1DE426A100B83A3D /* Security.framework */ = {isa = PBXFileReference; lastKnownFileType = wrapper.framework; name = Security.framework; path = System/Library/Frameworks/Security.framework; sourceTree = SDKROOT; };
		247C6B011DE427DB00B83A3D /* libsqlite3.tbd */ = {isa = PBXFileReference; lastKnownFileType = "sourcecode.text-based-dylib-definition"; name = libsqlite3.tbd; path = usr/lib/libsqlite3.tbd; sourceTree = SDKROOT; };
		247C6B031DE427F500B83A3D /* libstdc++.tbd */ = {isa = PBXFileReference; lastKnownFileType = "sourcecode.text-based-dylib-definition"; name = "libstdc++.tbd"; path = "usr/lib/libstdc++.tbd"; sourceTree = SDKROOT; };
		247C6B051DE4282100B83A3D /* CoreLocation.framework */ = {isa = PBXFileReference; lastKnownFileType = wrapper.framework; name = CoreLocation.framework; path = System/Library/Frameworks/CoreLocation.framework; sourceTree = SDKROOT; };
		247C6B071DE4283600B83A3D /* libz.1.2.5.tbd */ = {isa = PBXFileReference; lastKnownFileType = "sourcecode.text-based-dylib-definition"; name = libz.1.2.5.tbd; path = usr/lib/libz.1.2.5.tbd; sourceTree = SDKROOT; };
		247C6B091DE4285E00B83A3D /* CoreMotion.framework */ = {isa = PBXFileReference; lastKnownFileType = wrapper.framework; name = CoreMotion.framework; path = System/Library/Frameworks/CoreMotion.framework; sourceTree = SDKROOT; };
		247C6B0B1DE4287500B83A3D /* OpenGLES.framework */ = {isa = PBXFileReference; lastKnownFileType = wrapper.framework; name = OpenGLES.framework; path = System/Library/Frameworks/OpenGLES.framework; sourceTree = SDKROOT; };
		247C6B0D1DE4288200B83A3D /* QuartzCore.framework */ = {isa = PBXFileReference; lastKnownFileType = wrapper.framework; name = QuartzCore.framework; path = System/Library/Frameworks/QuartzCore.framework; sourceTree = SDKROOT; };
		247C6B0F1DE4298A00B83A3D /* GuidePageController.h */ = {isa = PBXFileReference; fileEncoding = 4; lastKnownFileType = sourcecode.c.h; path = GuidePageController.h; sourceTree = "<group>"; };
		247C6B101DE4298A00B83A3D /* GuidePageController.m */ = {isa = PBXFileReference; fileEncoding = 4; lastKnownFileType = sourcecode.c.objc; path = GuidePageController.m; sourceTree = "<group>"; };
		247C6B111DE4298A00B83A3D /* GuidePageController.xib */ = {isa = PBXFileReference; fileEncoding = 4; lastKnownFileType = file.xib; path = GuidePageController.xib; sourceTree = "<group>"; };
/* End PBXFileReference section */

/* Begin PBXFrameworksBuildPhase section */
		247C6A4F1DE3E0D300B83A3D /* Frameworks */ = {
			isa = PBXFrameworksBuildPhase;
			buildActionMask = 2147483647;
			files = (
			);
			runOnlyForDeploymentPostprocessing = 0;
		};
		247C6A681DE3E0D300B83A3D /* Frameworks */ = {
			isa = PBXFrameworksBuildPhase;
			buildActionMask = 2147483647;
			files = (
			);
			runOnlyForDeploymentPostprocessing = 0;
		};
		247C6A731DE3E0D300B83A3D /* Frameworks */ = {
			isa = PBXFrameworksBuildPhase;
			buildActionMask = 2147483647;
			files = (
			);
			runOnlyForDeploymentPostprocessing = 0;
		};
/* End PBXFrameworksBuildPhase section */

/* Begin PBXGroup section */
		247C6A491DE3E0D300B83A3D = {
			isa = PBXGroup;
			children = (
				247C6A541DE3E0D300B83A3D /* GIFGuideView */,
				247C6A6E1DE3E0D300B83A3D /* GIFGuideViewTests */,
				247C6A791DE3E0D300B83A3D /* GIFGuideViewUITests */,
				247C6A531DE3E0D300B83A3D /* Products */,
				247C6AEA1DE4200F00B83A3D /* Frameworks */,
			);
			sourceTree = "<group>";
		};
		247C6A531DE3E0D300B83A3D /* Products */ = {
			isa = PBXGroup;
			children = (
				247C6A521DE3E0D300B83A3D /* GIFGuideView.app */,
				247C6A6B1DE3E0D300B83A3D /* GIFGuideViewTests.xctest */,
				247C6A761DE3E0D300B83A3D /* GIFGuideViewUITests.xctest */,
			);
			name = Products;
			sourceTree = "<group>";
		};
		247C6A541DE3E0D300B83A3D /* GIFGuideView */ = {
			isa = PBXGroup;
			children = (
				247C6AE31DE3FAD500B83A3D /* SDAutoLayout */,
				247C6AA21DE3FA0300B83A3D /* SDWebImage */,
				247C6A991DE3F20100B83A3D /* Image */,
				247C6A881DE3E98200B83A3D /* FLAnimatedImage */,
				247C6A581DE3E0D300B83A3D /* AppDelegate.h */,
				247C6A591DE3E0D300B83A3D /* AppDelegate.m */,
				247C6B0F1DE4298A00B83A3D /* GuidePageController.h */,
				247C6B101DE4298A00B83A3D /* GuidePageController.m */,
				247C6B111DE4298A00B83A3D /* GuidePageController.xib */,
				247C6A8F1DE3E9B700B83A3D /* LoginViewController.h */,
				247C6A901DE3E9B700B83A3D /* LoginViewController.m */,
				247C6A911DE3E9B700B83A3D /* LoginViewController.xib */,
				247C6A5E1DE3E0D300B83A3D /* Main.storyboard */,
				247C6A611DE3E0D300B83A3D /* Assets.xcassets */,
				247C6A631DE3E0D300B83A3D /* LaunchScreen.storyboard */,
				247C6A661DE3E0D300B83A3D /* Info.plist */,
				247C6A551DE3E0D300B83A3D /* Supporting Files */,
			);
			path = GIFGuideView;
			sourceTree = "<group>";
		};
		247C6A551DE3E0D300B83A3D /* Supporting Files */ = {
			isa = PBXGroup;
			children = (
				247C6A561DE3E0D300B83A3D /* main.m */,
			);
			name = "Supporting Files";
			sourceTree = "<group>";
		};
		247C6A6E1DE3E0D300B83A3D /* GIFGuideViewTests */ = {
			isa = PBXGroup;
			children = (
				247C6A6F1DE3E0D300B83A3D /* GIFGuideViewTests.m */,
				247C6A711DE3E0D300B83A3D /* Info.plist */,
			);
			path = GIFGuideViewTests;
			sourceTree = "<group>";
		};
		247C6A791DE3E0D300B83A3D /* GIFGuideViewUITests */ = {
			isa = PBXGroup;
			children = (
				247C6A7A1DE3E0D300B83A3D /* GIFGuideViewUITests.m */,
				247C6A7C1DE3E0D300B83A3D /* Info.plist */,
			);
			path = GIFGuideViewUITests;
			sourceTree = "<group>";
		};
		247C6A881DE3E98200B83A3D /* FLAnimatedImage */ = {
			isa = PBXGroup;
			children = (
				247C6A891DE3E98200B83A3D /* FLAnimatedImage.h */,
				247C6A8A1DE3E98200B83A3D /* FLAnimatedImage.m */,
				247C6A8B1DE3E98200B83A3D /* FLAnimatedImageView.h */,
				247C6A8C1DE3E98200B83A3D /* FLAnimatedImageView.m */,
			);
			path = FLAnimatedImage;
			sourceTree = "<group>";
		};
		247C6A991DE3F20100B83A3D /* Image */ = {
			isa = PBXGroup;
			children = (
				247C6AD41DE3FA2D00B83A3D /* GuideImage */,
			);
			name = Image;
			sourceTree = "<group>";
		};
		247C6AA21DE3FA0300B83A3D /* SDWebImage */ = {
			isa = PBXGroup;
			children = (
				247C6AA31DE3FA0300B83A3D /* MKAnnotationView+WebCache.h */,
				247C6AA41DE3FA0300B83A3D /* MKAnnotationView+WebCache.m */,
				247C6AA51DE3FA0300B83A3D /* NSData+ImageContentType.h */,
				247C6AA61DE3FA0300B83A3D /* NSData+ImageContentType.m */,
				247C6AA71DE3FA0300B83A3D /* SDImageCache.h */,
				247C6AA81DE3FA0300B83A3D /* SDImageCache.m */,
				247C6AA91DE3FA0300B83A3D /* SDWebImageCompat.h */,
				247C6AAA1DE3FA0300B83A3D /* SDWebImageCompat.m */,
				247C6AAB1DE3FA0300B83A3D /* SDWebImageDecoder.h */,
				247C6AAC1DE3FA0300B83A3D /* SDWebImageDecoder.m */,
				247C6AAD1DE3FA0300B83A3D /* SDWebImageDownloader.h */,
				247C6AAE1DE3FA0300B83A3D /* SDWebImageDownloader.m */,
				247C6AAF1DE3FA0300B83A3D /* SDWebImageDownloaderOperation.h */,
				247C6AB01DE3FA0300B83A3D /* SDWebImageDownloaderOperation.m */,
				247C6AB11DE3FA0300B83A3D /* SDWebImageManager.h */,
				247C6AB21DE3FA0300B83A3D /* SDWebImageManager.m */,
				247C6AB31DE3FA0300B83A3D /* SDWebImageOperation.h */,
				247C6AB41DE3FA0300B83A3D /* SDWebImagePrefetcher.h */,
				247C6AB51DE3FA0300B83A3D /* SDWebImagePrefetcher.m */,
				247C6AB61DE3FA0300B83A3D /* UIButton+WebCache.h */,
				247C6AB71DE3FA0300B83A3D /* UIButton+WebCache.m */,
				247C6AB81DE3FA0300B83A3D /* UIImage+GIF.h */,
				247C6AB91DE3FA0300B83A3D /* UIImage+GIF.m */,
				247C6ABA1DE3FA0300B83A3D /* UIImage+MultiFormat.h */,
				247C6ABB1DE3FA0300B83A3D /* UIImage+MultiFormat.m */,
				247C6ABC1DE3FA0300B83A3D /* UIImage+WebP.h */,
				247C6ABD1DE3FA0300B83A3D /* UIImage+WebP.m */,
				247C6ABE1DE3FA0300B83A3D /* UIImageView+HighlightedWebCache.h */,
				247C6ABF1DE3FA0300B83A3D /* UIImageView+HighlightedWebCache.m */,
				247C6AC01DE3FA0300B83A3D /* UIImageView+WebCache.h */,
				247C6AC11DE3FA0300B83A3D /* UIImageView+WebCache.m */,
				247C6AC21DE3FA0300B83A3D /* UIView+WebCacheOperation.h */,
				247C6AC31DE3FA0300B83A3D /* UIView+WebCacheOperation.m */,
			);
			path = SDWebImage;
			sourceTree = "<group>";
		};
		247C6AD41DE3FA2D00B83A3D /* GuideImage */ = {
			isa = PBXGroup;
			children = (
				247C6AD51DE3FA2D00B83A3D /* Entry@2x.png */,
				247C6AD61DE3FA2D00B83A3D /* Entry@3x.png */,
				247C6AD71DE3FA2D00B83A3D /* GuidePage1.gif */,
				247C6AD81DE3FA2D00B83A3D /* GuidePage2.gif */,
				247C6AD91DE3FA2D00B83A3D /* GuidePage3.gif */,
				247C6ADA1DE3FA2D00B83A3D /* GuidePage4.gif */,
				247C6ADB1DE3FA2D00B83A3D /* GuidePage5.gif */,
			);
			path = GuideImage;
			sourceTree = "<group>";
		};
		247C6AE31DE3FAD500B83A3D /* SDAutoLayout */ = {
			isa = PBXGroup;
			children = (
				247C6AE41DE3FAD500B83A3D /* UITableView+SDAutoTableViewCellHeight.h */,
				247C6AE51DE3FAD500B83A3D /* UITableView+SDAutoTableViewCellHeight.m */,
				247C6AE61DE3FAD500B83A3D /* UIView+SDAutoLayout.h */,
				247C6AE71DE3FAD500B83A3D /* UIView+SDAutoLayout.m */,
			);
			path = SDAutoLayout;
			sourceTree = "<group>";
		};
		247C6AEA1DE4200F00B83A3D /* Frameworks */ = {
			isa = PBXGroup;
			children = (
				247C6B0D1DE4288200B83A3D /* QuartzCore.framework */,
				247C6B0B1DE4287500B83A3D /* OpenGLES.framework */,
				247C6B091DE4285E00B83A3D /* CoreMotion.framework */,
				247C6B071DE4283600B83A3D /* libz.1.2.5.tbd */,
				247C6B051DE4282100B83A3D /* CoreLocation.framework */,
				247C6B031DE427F500B83A3D /* libstdc++.tbd */,
				247C6B011DE427DB00B83A3D /* libsqlite3.tbd */,
				247C6AFF1DE426A100B83A3D /* Security.framework */,
				247C6AFD1DE425AD00B83A3D /* SystemConfiguration.framework */,
				247C6AFB1DE4248C00B83A3D /* CoreImage.framework */,
				247C6AF91DE4242900B83A3D /* JavaScriptCore.framework */,
				247C6AF71DE4228C00B83A3D /* libz.tbd */,
				247C6AF51DE4225A00B83A3D /* AudioToolbox.framework */,
				247C6AF31DE4215600B83A3D /* CoreGraphics.framework */,
				247C6AF11DE4213900B83A3D /* AVFoundation.framework */,
				247C6AEF1DE4204300B83A3D /* UIKit.framework */,
				247C6AED1DE4202000B83A3D /* Foundation.framework */,
				247C6AEB1DE4200F00B83A3D /* ImageIO.framework */,
			);
			name = Frameworks;
			sourceTree = "<group>";
		};
/* End PBXGroup section */

/* Begin PBXNativeTarget section */
		247C6A511DE3E0D300B83A3D /* GIFGuideView */ = {
			isa = PBXNativeTarget;
			buildConfigurationList = 247C6A7F1DE3E0D300B83A3D /* Build configuration list for PBXNativeTarget "GIFGuideView" */;
			buildPhases = (
				247C6A4E1DE3E0D300B83A3D /* Sources */,
				247C6A4F1DE3E0D300B83A3D /* Frameworks */,
				247C6A501DE3E0D300B83A3D /* Resources */,
			);
			buildRules = (
			);
			dependencies = (
			);
			name = GIFGuideView;
			productName = GIFGuideView;
			productReference = 247C6A521DE3E0D300B83A3D /* GIFGuideView.app */;
			productType = "com.apple.product-type.application";
		};
		247C6A6A1DE3E0D300B83A3D /* GIFGuideViewTests */ = {
			isa = PBXNativeTarget;
			buildConfigurationList = 247C6A821DE3E0D300B83A3D /* Build configuration list for PBXNativeTarget "GIFGuideViewTests" */;
			buildPhases = (
				247C6A671DE3E0D300B83A3D /* Sources */,
				247C6A681DE3E0D300B83A3D /* Frameworks */,
				247C6A691DE3E0D300B83A3D /* Resources */,
			);
			buildRules = (
			);
			dependencies = (
				247C6A6D1DE3E0D300B83A3D /* PBXTargetDependency */,
			);
			name = GIFGuideViewTests;
			productName = GIFGuideViewTests;
			productReference = 247C6A6B1DE3E0D300B83A3D /* GIFGuideViewTests.xctest */;
			productType = "com.apple.product-type.bundle.unit-test";
		};
		247C6A751DE3E0D300B83A3D /* GIFGuideViewUITests */ = {
			isa = PBXNativeTarget;
			buildConfigurationList = 247C6A851DE3E0D300B83A3D /* Build configuration list for PBXNativeTarget "GIFGuideViewUITests" */;
			buildPhases = (
				247C6A721DE3E0D300B83A3D /* Sources */,
				247C6A731DE3E0D300B83A3D /* Frameworks */,
				247C6A741DE3E0D300B83A3D /* Resources */,
			);
			buildRules = (
			);
			dependencies = (
				247C6A781DE3E0D300B83A3D /* PBXTargetDependency */,
			);
			name = GIFGuideViewUITests;
			productName = GIFGuideViewUITests;
			productReference = 247C6A761DE3E0D300B83A3D /* GIFGuideViewUITests.xctest */;
			productType = "com.apple.product-type.bundle.ui-testing";
		};
/* End PBXNativeTarget section */

/* Begin PBXProject section */
		247C6A4A1DE3E0D300B83A3D /* Project object */ = {
			isa = PBXProject;
			attributes = {
				LastUpgradeCheck = 0800;
				ORGANIZATIONNAME = com.admin;
				TargetAttributes = {
					247C6A511DE3E0D300B83A3D = {
						CreatedOnToolsVersion = 8.0;
						ProvisioningStyle = Automatic;
					};
					247C6A6A1DE3E0D300B83A3D = {
						CreatedOnToolsVersion = 8.0;
						ProvisioningStyle = Automatic;
						TestTargetID = 247C6A511DE3E0D300B83A3D;
					};
					247C6A751DE3E0D300B83A3D = {
						CreatedOnToolsVersion = 8.0;
						ProvisioningStyle = Automatic;
						TestTargetID = 247C6A511DE3E0D300B83A3D;
					};
				};
			};
			buildConfigurationList = 247C6A4D1DE3E0D300B83A3D /* Build configuration list for PBXProject "GIFGuideView" */;
			compatibilityVersion = "Xcode 3.2";
			developmentRegion = English;
			hasScannedForEncodings = 0;
			knownRegions = (
				en,
				Base,
			);
			mainGroup = 247C6A491DE3E0D300B83A3D;
			productRefGroup = 247C6A531DE3E0D300B83A3D /* Products */;
			projectDirPath = "";
			projectRoot = "";
			targets = (
				247C6A511DE3E0D300B83A3D /* GIFGuideView */,
				247C6A6A1DE3E0D300B83A3D /* GIFGuideViewTests */,
				247C6A751DE3E0D300B83A3D /* GIFGuideViewUITests */,
			);
		};
/* End PBXProject section */

/* Begin PBXResourcesBuildPhase section */
		247C6A501DE3E0D300B83A3D /* Resources */ = {
			isa = PBXResourcesBuildPhase;
			buildActionMask = 2147483647;
			files = (
				247C6A931DE3E9B700B83A3D /* LoginViewController.xib in Resources */,
				247C6ADF1DE3FA2D00B83A3D /* GuidePage2.gif in Resources */,
				247C6A651DE3E0D300B83A3D /* LaunchScreen.storyboard in Resources */,
				247C6ADD1DE3FA2D00B83A3D /* Entry@3x.png in Resources */,
				247C6AE01DE3FA2D00B83A3D /* GuidePage3.gif in Resources */,
				247C6B131DE4298A00B83A3D /* GuidePageController.xib in Resources */,
				247C6AE11DE3FA2D00B83A3D /* GuidePage4.gif in Resources */,
				247C6A621DE3E0D300B83A3D /* Assets.xcassets in Resources */,
				247C6A601DE3E0D300B83A3D /* Main.storyboard in Resources */,
				247C6ADE1DE3FA2D00B83A3D /* GuidePage1.gif in Resources */,
				247C6AE21DE3FA2D00B83A3D /* GuidePage5.gif in Resources */,
				247C6ADC1DE3FA2D00B83A3D /* Entry@2x.png in Resources */,
			);
			runOnlyForDeploymentPostprocessing = 0;
		};
		247C6A691DE3E0D300B83A3D /* Resources */ = {
			isa = PBXResourcesBuildPhase;
			buildActionMask = 2147483647;
			files = (
			);
			runOnlyForDeploymentPostprocessing = 0;
		};
		247C6A741DE3E0D300B83A3D /* Resources */ = {
			isa = PBXResourcesBuildPhase;
			buildActionMask = 2147483647;
			files = (
			);
			runOnlyForDeploymentPostprocessing = 0;
		};
/* End PBXResourcesBuildPhase section */

/* Begin PBXSourcesBuildPhase section */
		247C6A4E1DE3E0D300B83A3D /* Sources */ = {
			isa = PBXSourcesBuildPhase;
			buildActionMask = 2147483647;
			files = (
				247C6A8D1DE3E98200B83A3D /* FLAnimatedImage.m in Sources */,
				247C6ACB1DE3FA0300B83A3D /* SDWebImageManager.m in Sources */,
				247C6AE91DE3FAD500B83A3D /* UIView+SDAutoLayout.m in Sources */,
				247C6AC61DE3FA0300B83A3D /* SDImageCache.m in Sources */,
				247C6ACA1DE3FA0300B83A3D /* SDWebImageDownloaderOperation.m in Sources */,
				247C6AD31DE3FA0300B83A3D /* UIView+WebCacheOperation.m in Sources */,
				247C6B121DE4298A00B83A3D /* GuidePageController.m in Sources */,
				247C6ACD1DE3FA0300B83A3D /* UIButton+WebCache.m in Sources */,
				247C6AC51DE3FA0300B83A3D /* NSData+ImageContentType.m in Sources */,
				247C6ACC1DE3FA0300B83A3D /* SDWebImagePrefetcher.m in Sources */,
				247C6AC91DE3FA0300B83A3D /* SDWebImageDownloader.m in Sources */,
				247C6A921DE3E9B700B83A3D /* LoginViewController.m in Sources */,
				247C6AD01DE3FA0300B83A3D /* UIImage+WebP.m in Sources */,
				247C6AD21DE3FA0300B83A3D /* UIImageView+WebCache.m in Sources */,
				247C6AC81DE3FA0300B83A3D /* SDWebImageDecoder.m in Sources */,
				247C6AE81DE3FAD500B83A3D /* UITableView+SDAutoTableViewCellHeight.m in Sources */,
				247C6A8E1DE3E98200B83A3D /* FLAnimatedImageView.m in Sources */,
				247C6AC41DE3FA0300B83A3D /* MKAnnotationView+WebCache.m in Sources */,
				247C6AC71DE3FA0300B83A3D /* SDWebImageCompat.m in Sources */,
				247C6A5A1DE3E0D300B83A3D /* AppDelegate.m in Sources */,
				247C6A571DE3E0D300B83A3D /* main.m in Sources */,
				247C6ACF1DE3FA0300B83A3D /* UIImage+MultiFormat.m in Sources */,
				247C6AD11DE3FA0300B83A3D /* UIImageView+HighlightedWebCache.m in Sources */,
				247C6ACE1DE3FA0300B83A3D /* UIImage+GIF.m in Sources */,
			);
			runOnlyForDeploymentPostprocessing = 0;
		};
		247C6A671DE3E0D300B83A3D /* Sources */ = {
			isa = PBXSourcesBuildPhase;
			buildActionMask = 2147483647;
			files = (
				247C6A701DE3E0D300B83A3D /* GIFGuideViewTests.m in Sources */,
			);
			runOnlyForDeploymentPostprocessing = 0;
		};
		247C6A721DE3E0D300B83A3D /* Sources */ = {
			isa = PBXSourcesBuildPhase;
			buildActionMask = 2147483647;
			files = (
				247C6A7B1DE3E0D300B83A3D /* GIFGuideViewUITests.m in Sources */,
			);
			runOnlyForDeploymentPostprocessing = 0;
		};
/* End PBXSourcesBuildPhase section */

/* Begin PBXTargetDependency section */
		247C6A6D1DE3E0D300B83A3D /* PBXTargetDependency */ = {
			isa = PBXTargetDependency;
			target = 247C6A511DE3E0D300B83A3D /* GIFGuideView */;
			targetProxy = 247C6A6C1DE3E0D300B83A3D /* PBXContainerItemProxy */;
		};
		247C6A781DE3E0D300B83A3D /* PBXTargetDependency */ = {
			isa = PBXTargetDependency;
			target = 247C6A511DE3E0D300B83A3D /* GIFGuideView */;
			targetProxy = 247C6A771DE3E0D300B83A3D /* PBXContainerItemProxy */;
		};
/* End PBXTargetDependency section */

/* Begin PBXVariantGroup section */
		247C6A5E1DE3E0D300B83A3D /* Main.storyboard */ = {
			isa = PBXVariantGroup;
			children = (
				247C6A5F1DE3E0D300B83A3D /* Base */,
			);
			name = Main.storyboard;
			sourceTree = "<group>";
		};
		247C6A631DE3E0D300B83A3D /* LaunchScreen.storyboard */ = {
			isa = PBXVariantGroup;
			children = (
				247C6A641DE3E0D300B83A3D /* Base */,
			);
			name = LaunchScreen.storyboard;
			sourceTree = "<group>";
		};
/* End PBXVariantGroup section */

/* Begin XCBuildConfiguration section */
		247C6A7D1DE3E0D300B83A3D /* Debug */ = {
			isa = XCBuildConfiguration;
			buildSettings = {
				ALWAYS_SEARCH_USER_PATHS = NO;
				CLANG_ANALYZER_NONNULL = YES;
				CLANG_CXX_LANGUAGE_STANDARD = "gnu++0x";
				CLANG_CXX_LIBRARY = "libc++";
				CLANG_ENABLE_MODULES = YES;
				CLANG_ENABLE_OBJC_ARC = YES;
				CLANG_WARN_BOOL_CONVERSION = YES;
				CLANG_WARN_CONSTANT_CONVERSION = YES;
				CLANG_WARN_DIRECT_OBJC_ISA_USAGE = YES_ERROR;
				CLANG_WARN_DOCUMENTATION_COMMENTS = YES;
				CLANG_WARN_EMPTY_BODY = YES;
				CLANG_WARN_ENUM_CONVERSION = YES;
				CLANG_WARN_INFINITE_RECURSION = YES;
				CLANG_WARN_INT_CONVERSION = YES;
				CLANG_WARN_OBJC_ROOT_CLASS = YES_ERROR;
				CLANG_WARN_SUSPICIOUS_MOVES = YES;
				CLANG_WARN_UNREACHABLE_CODE = YES;
				CLANG_WARN__DUPLICATE_METHOD_MATCH = YES;
				"CODE_SIGN_IDENTITY[sdk=iphoneos*]" = "iPhone Developer";
				COPY_PHASE_STRIP = NO;
				DEBUG_INFORMATION_FORMAT = dwarf;
				ENABLE_STRICT_OBJC_MSGSEND = YES;
				ENABLE_TESTABILITY = YES;
				GCC_C_LANGUAGE_STANDARD = gnu99;
				GCC_DYNAMIC_NO_PIC = NO;
				GCC_NO_COMMON_BLOCKS = YES;
				GCC_OPTIMIZATION_LEVEL = 0;
				GCC_PREPROCESSOR_DEFINITIONS = (
					"DEBUG=1",
					"$(inherited)",
				);
				GCC_WARN_64_TO_32_BIT_CONVERSION = YES;
				GCC_WARN_ABOUT_RETURN_TYPE = YES_ERROR;
				GCC_WARN_UNDECLARED_SELECTOR = YES;
				GCC_WARN_UNINITIALIZED_AUTOS = YES_AGGRESSIVE;
				GCC_WARN_UNUSED_FUNCTION = YES;
				GCC_WARN_UNUSED_VARIABLE = YES;
				IPHONEOS_DEPLOYMENT_TARGET = 10.0;
				MTL_ENABLE_DEBUG_INFO = YES;
				ONLY_ACTIVE_ARCH = YES;
				SDKROOT = iphoneos;
			};
			name = Debug;
		};
		247C6A7E1DE3E0D300B83A3D /* Release */ = {
			isa = XCBuildConfiguration;
			buildSettings = {
				ALWAYS_SEARCH_USER_PATHS = NO;
				CLANG_ANALYZER_NONNULL = YES;
				CLANG_CXX_LANGUAGE_STANDARD = "gnu++0x";
				CLANG_CXX_LIBRARY = "libc++";
				CLANG_ENABLE_MODULES = YES;
				CLANG_ENABLE_OBJC_ARC = YES;
				CLANG_WARN_BOOL_CONVERSION = YES;
				CLANG_WARN_CONSTANT_CONVERSION = YES;
				CLANG_WARN_DIRECT_OBJC_ISA_USAGE = YES_ERROR;
				CLANG_WARN_DOCUMENTATION_COMMENTS = YES;
				CLANG_WARN_EMPTY_BODY = YES;
				CLANG_WARN_ENUM_CONVERSION = YES;
				CLANG_WARN_INFINITE_RECURSION = YES;
				CLANG_WARN_INT_CONVERSION = YES;
				CLANG_WARN_OBJC_ROOT_CLASS = YES_ERROR;
				CLANG_WARN_SUSPICIOUS_MOVES = YES;
				CLANG_WARN_UNREACHABLE_CODE = YES;
				CLANG_WARN__DUPLICATE_METHOD_MATCH = YES;
				"CODE_SIGN_IDENTITY[sdk=iphoneos*]" = "iPhone Developer";
				COPY_PHASE_STRIP = NO;
				DEBUG_INFORMATION_FORMAT = "dwarf-with-dsym";
				ENABLE_NS_ASSERTIONS = NO;
				ENABLE_STRICT_OBJC_MSGSEND = YES;
				GCC_C_LANGUAGE_STANDARD = gnu99;
				GCC_NO_COMMON_BLOCKS = YES;
				GCC_WARN_64_TO_32_BIT_CONVERSION = YES;
				GCC_WARN_ABOUT_RETURN_TYPE = YES_ERROR;
				GCC_WARN_UNDECLARED_SELECTOR = YES;
				GCC_WARN_UNINITIALIZED_AUTOS = YES_AGGRESSIVE;
				GCC_WARN_UNUSED_FUNCTION = YES;
				GCC_WARN_UNUSED_VARIABLE = YES;
				IPHONEOS_DEPLOYMENT_TARGET = 10.0;
				MTL_ENABLE_DEBUG_INFO = NO;
				SDKROOT = iphoneos;
				VALIDATE_PRODUCT = YES;
			};
			name = Release;
		};
		247C6A801DE3E0D300B83A3D /* Debug */ = {
			isa = XCBuildConfiguration;
			buildSettings = {
				ASSETCATALOG_COMPILER_APPICON_NAME = AppIcon;
				INFOPLIST_FILE = GIFGuideView/Info.plist;
				LD_RUNPATH_SEARCH_PATHS = "$(inherited) @executable_path/Frameworks";
				PRODUCT_BUNDLE_IDENTIFIER = pengoeng.GIFGuideView;
				PRODUCT_NAME = "$(TARGET_NAME)";
			};
			name = Debug;
		};
		247C6A811DE3E0D300B83A3D /* Release */ = {
			isa = XCBuildConfiguration;
			buildSettings = {
				ASSETCATALOG_COMPILER_APPICON_NAME = AppIcon;
				INFOPLIST_FILE = GIFGuideView/Info.plist;
				LD_RUNPATH_SEARCH_PATHS = "$(inherited) @executable_path/Frameworks";
				PRODUCT_BUNDLE_IDENTIFIER = pengoeng.GIFGuideView;
				PRODUCT_NAME = "$(TARGET_NAME)";
			};
			name = Release;
		};
		247C6A831DE3E0D300B83A3D /* Debug */ = {
			isa = XCBuildConfiguration;
			buildSettings = {
				BUNDLE_LOADER = "$(TEST_HOST)";
				INFOPLIST_FILE = GIFGuideViewTests/Info.plist;
				LD_RUNPATH_SEARCH_PATHS = "$(inherited) @executable_path/Frameworks @loader_path/Frameworks";
				PRODUCT_BUNDLE_IDENTIFIER = pengoeng.GIFGuideViewTests;
				PRODUCT_NAME = "$(TARGET_NAME)";
				TEST_HOST = "$(BUILT_PRODUCTS_DIR)/GIFGuideView.app/GIFGuideView";
			};
			name = Debug;
		};
		247C6A841DE3E0D300B83A3D /* Release */ = {
			isa = XCBuildConfiguration;
			buildSettings = {
				BUNDLE_LOADER = "$(TEST_HOST)";
				INFOPLIST_FILE = GIFGuideViewTests/Info.plist;
				LD_RUNPATH_SEARCH_PATHS = "$(inherited) @executable_path/Frameworks @loader_path/Frameworks";
				PRODUCT_BUNDLE_IDENTIFIER = pengoeng.GIFGuideViewTests;
				PRODUCT_NAME = "$(TARGET_NAME)";
				TEST_HOST = "$(BUILT_PRODUCTS_DIR)/GIFGuideView.app/GIFGuideView";
			};
			name = Release;
		};
		247C6A861DE3E0D300B83A3D /* Debug */ = {
			isa = XCBuildConfiguration;
			buildSettings = {
				INFOPLIST_FILE = GIFGuideViewUITests/Info.plist;
				LD_RUNPATH_SEARCH_PATHS = "$(inherited) @executable_path/Frameworks @loader_path/Frameworks";
				PRODUCT_BUNDLE_IDENTIFIER = pengoeng.GIFGuideViewUITests;
				PRODUCT_NAME = "$(TARGET_NAME)";
				TEST_TARGET_NAME = GIFGuideView;
			};
			name = Debug;
		};
		247C6A871DE3E0D300B83A3D /* Release */ = {
			isa = XCBuildConfiguration;
			buildSettings = {
				INFOPLIST_FILE = GIFGuideViewUITests/Info.plist;
				LD_RUNPATH_SEARCH_PATHS = "$(inherited) @executable_path/Frameworks @loader_path/Frameworks";
				PRODUCT_BUNDLE_IDENTIFIER = pengoeng.GIFGuideViewUITests;
				PRODUCT_NAME = "$(TARGET_NAME)";
				TEST_TARGET_NAME = GIFGuideView;
			};
			name = Release;
		};
/* End XCBuildConfiguration section */

/* Begin XCConfigurationList section */
		247C6A4D1DE3E0D300B83A3D /* Build configuration list for PBXProject "GIFGuideView" */ = {
			isa = XCConfigurationList;
			buildConfigurations = (
				247C6A7D1DE3E0D300B83A3D /* Debug */,
				247C6A7E1DE3E0D300B83A3D /* Release */,
			);
			defaultConfigurationIsVisible = 0;
			defaultConfigurationName = Release;
		};
		247C6A7F1DE3E0D300B83A3D /* Build configuration list for PBXNativeTarget "GIFGuideView" */ = {
			isa = XCConfigurationList;
			buildConfigurations = (
				247C6A801DE3E0D300B83A3D /* Debug */,
				247C6A811DE3E0D300B83A3D /* Release */,
			);
			defaultConfigurationIsVisible = 0;
			defaultConfigurationName = Release;
		};
		247C6A821DE3E0D300B83A3D /* Build configuration list for PBXNativeTarget "GIFGuideViewTests" */ = {
			isa = XCConfigurationList;
			buildConfigurations = (
				247C6A831DE3E0D300B83A3D /* Debug */,
				247C6A841DE3E0D300B83A3D /* Release */,
			);
			defaultConfigurationIsVisible = 0;
			defaultConfigurationName = Release;
		};
		247C6A851DE3E0D300B83A3D /* Build configuration list for PBXNativeTarget "GIFGuideViewUITests" */ = {
			isa = XCConfigurationList;
			buildConfigurations = (
				247C6A861DE3E0D300B83A3D /* Debug */,
				247C6A871DE3E0D300B83A3D /* Release */,
			);
			defaultConfigurationIsVisible = 0;
			defaultConfigurationName = Release;
		};
/* End XCConfigurationList section */
	};
	rootObject = 247C6A4A1DE3E0D300B83A3D /* Project object */;
}
