// !$*UTF8*$!
{
	archiveVersion = 1;
	classes = {
	};
	objectVersion = 46;
	objects = {

/* Begin PBXBuildFile section */
		A9D7C1F61E2DCD13005A0DC1 /* main.m in Sources */ = {isa = PBXBuildFile; fileRef = A9D7C1F51E2DCD13005A0DC1 /* main.m */; };
		A9D7C1F91E2DCD13005A0DC1 /* AppDelegate.m in Sources */ = {isa = PBXBuildFile; fileRef = A9D7C1F81E2DCD13005A0DC1 /* AppDelegate.m */; };
		A9D7C1FC1E2DCD13005A0DC1 /* ViewController.m in Sources */ = {isa = PBXBuildFile; fileRef = A9D7C1FB1E2DCD13005A0DC1 /* ViewController.m */; };
		A9D7C1FF1E2DCD13005A0DC1 /* Main.storyboard in Resources */ = {isa = PBXBuildFile; fileRef = A9D7C1FD1E2DCD13005A0DC1 /* Main.storyboard */; };
		A9D7C2011E2DCD13005A0DC1 /* Assets.xcassets in Resources */ = {isa = PBXBuildFile; fileRef = A9D7C2001E2DCD13005A0DC1 /* Assets.xcassets */; };
		A9D7C2041E2DCD13005A0DC1 /* LaunchScreen.storyboard in Resources */ = {isa = PBXBuildFile; fileRef = A9D7C2021E2DCD13005A0DC1 /* LaunchScreen.storyboard */; };
		A9D7C20F1E2DCD13005A0DC1 /* _______Tests.m in Sources */ = {isa = PBXBuildFile; fileRef = A9D7C20E1E2DCD13005A0DC1 /* _______Tests.m */; };
		A9D7C21A1E2DCD13005A0DC1 /* _______UITests.m in Sources */ = {isa = PBXBuildFile; fileRef = A9D7C2191E2DCD13005A0DC1 /* _______UITests.m */; };
		A9D7C22A1E2DF006005A0DC1 /* TabCartSelected@2x.png in Resources */ = {isa = PBXBuildFile; fileRef = A9D7C2271E2DF006005A0DC1 /* TabCartSelected@2x.png */; };
		A9D7C22B1E2DF006005A0DC1 /* ButtonRedLarge.png in Resources */ = {isa = PBXBuildFile; fileRef = A9D7C2281E2DF006005A0DC1 /* ButtonRedLarge.png */; };
		A9D7C22C1E2DF006005A0DC1 /* test01.jpg in Resources */ = {isa = PBXBuildFile; fileRef = A9D7C2291E2DF006005A0DC1 /* test01.jpg */; };
/* End PBXBuildFile section */

/* Begin PBXContainerItemProxy section */
		A9D7C20B1E2DCD13005A0DC1 /* PBXContainerItemProxy */ = {
			isa = PBXContainerItemProxy;
			containerPortal = A9D7C1E91E2DCD12005A0DC1 /* Project object */;
			proxyType = 1;
			remoteGlobalIDString = A9D7C1F01E2DCD13005A0DC1;
			remoteInfo = "加入购物车动画";
		};
		A9D7C2161E2DCD13005A0DC1 /* PBXContainerItemProxy */ = {
			isa = PBXContainerItemProxy;
			containerPortal = A9D7C1E91E2DCD12005A0DC1 /* Project object */;
			proxyType = 1;
			remoteGlobalIDString = A9D7C1F01E2DCD13005A0DC1;
			remoteInfo = "加入购物车动画";
		};
/* End PBXContainerItemProxy section */

/* Begin PBXFileReference section */
		A9D7C1F11E2DCD13005A0DC1 /* 加入购物车动画.app */ = {isa = PBXFileReference; explicitFileType = wrapper.application; includeInIndex = 0; path = "加入购物车动画.app"; sourceTree = BUILT_PRODUCTS_DIR; };
		A9D7C1F51E2DCD13005A0DC1 /* main.m */ = {isa = PBXFileReference; lastKnownFileType = sourcecode.c.objc; path = main.m; sourceTree = "<group>"; };
		A9D7C1F71E2DCD13005A0DC1 /* AppDelegate.h */ = {isa = PBXFileReference; lastKnownFileType = sourcecode.c.h; path = AppDelegate.h; sourceTree = "<group>"; };
		A9D7C1F81E2DCD13005A0DC1 /* AppDelegate.m */ = {isa = PBXFileReference; lastKnownFileType = sourcecode.c.objc; path = AppDelegate.m; sourceTree = "<group>"; };
		A9D7C1FA1E2DCD13005A0DC1 /* ViewController.h */ = {isa = PBXFileReference; lastKnownFileType = sourcecode.c.h; path = ViewController.h; sourceTree = "<group>"; };
		A9D7C1FB1E2DCD13005A0DC1 /* ViewController.m */ = {isa = PBXFileReference; lastKnownFileType = sourcecode.c.objc; path = ViewController.m; sourceTree = "<group>"; };
		A9D7C1FE1E2DCD13005A0DC1 /* Base */ = {isa = PBXFileReference; lastKnownFileType = file.storyboard; name = Base; path = Base.lproj/Main.storyboard; sourceTree = "<group>"; };
		A9D7C2001E2DCD13005A0DC1 /* Assets.xcassets */ = {isa = PBXFileReference; lastKnownFileType = folder.assetcatalog; path = Assets.xcassets; sourceTree = "<group>"; };
		A9D7C2031E2DCD13005A0DC1 /* Base */ = {isa = PBXFileReference; lastKnownFileType = file.storyboard; name = Base; path = Base.lproj/LaunchScreen.storyboard; sourceTree = "<group>"; };
		A9D7C2051E2DCD13005A0DC1 /* Info.plist */ = {isa = PBXFileReference; lastKnownFileType = text.plist.xml; path = Info.plist; sourceTree = "<group>"; };
		A9D7C20A1E2DCD13005A0DC1 /* 加入购物车动画Tests.xctest */ = {isa = PBXFileReference; explicitFileType = wrapper.cfbundle; includeInIndex = 0; path = "加入购物车动画Tests.xctest"; sourceTree = BUILT_PRODUCTS_DIR; };
		A9D7C20E1E2DCD13005A0DC1 /* _______Tests.m */ = {isa = PBXFileReference; lastKnownFileType = sourcecode.c.objc; path = "_______Tests.m"; sourceTree = "<group>"; };
		A9D7C2101E2DCD13005A0DC1 /* Info.plist */ = {isa = PBXFileReference; lastKnownFileType = text.plist.xml; path = Info.plist; sourceTree = "<group>"; };
		A9D7C2151E2DCD13005A0DC1 /* 加入购物车动画UITests.xctest */ = {isa = PBXFileReference; explicitFileType = wrapper.cfbundle; includeInIndex = 0; path = "加入购物车动画UITests.xctest"; sourceTree = BUILT_PRODUCTS_DIR; };
		A9D7C2191E2DCD13005A0DC1 /* _______UITests.m */ = {isa = PBXFileReference; lastKnownFileType = sourcecode.c.objc; path = "_______UITests.m"; sourceTree = "<group>"; };
		A9D7C21B1E2DCD13005A0DC1 /* Info.plist */ = {isa = PBXFileReference; lastKnownFileType = text.plist.xml; path = Info.plist; sourceTree = "<group>"; };
		A9D7C2271E2DF006005A0DC1 /* TabCartSelected@2x.png */ = {isa = PBXFileReference; lastKnownFileType = image.png; path = "TabCartSelected@2x.png"; sourceTree = "<group>"; };
		A9D7C2281E2DF006005A0DC1 /* ButtonRedLarge.png */ = {isa = PBXFileReference; lastKnownFileType = image.png; path = ButtonRedLarge.png; sourceTree = "<group>"; };
		A9D7C2291E2DF006005A0DC1 /* test01.jpg */ = {isa = PBXFileReference; lastKnownFileType = image.jpeg; path = test01.jpg; sourceTree = "<group>"; };
/* End PBXFileReference section */

/* Begin PBXFrameworksBuildPhase section */
		A9D7C1EE1E2DCD13005A0DC1 /* Frameworks */ = {
			isa = PBXFrameworksBuildPhase;
			buildActionMask = 2147483647;
			files = (
			);
			runOnlyForDeploymentPostprocessing = 0;
		};
		A9D7C2071E2DCD13005A0DC1 /* Frameworks */ = {
			isa = PBXFrameworksBuildPhase;
			buildActionMask = 2147483647;
			files = (
			);
			runOnlyForDeploymentPostprocessing = 0;
		};
		A9D7C2121E2DCD13005A0DC1 /* Frameworks */ = {
			isa = PBXFrameworksBuildPhase;
			buildActionMask = 2147483647;
			files = (
			);
			runOnlyForDeploymentPostprocessing = 0;
		};
/* End PBXFrameworksBuildPhase section */

/* Begin PBXGroup section */
		A9D7C1E81E2DCD12005A0DC1 = {
			isa = PBXGroup;
			children = (
				A9D7C1F31E2DCD13005A0DC1 /* 加入购物车动画 */,
				A9D7C20D1E2DCD13005A0DC1 /* 加入购物车动画Tests */,
				A9D7C2181E2DCD13005A0DC1 /* 加入购物车动画UITests */,
				A9D7C1F21E2DCD13005A0DC1 /* Products */,
			);
			sourceTree = "<group>";
		};
		A9D7C1F21E2DCD13005A0DC1 /* Products */ = {
			isa = PBXGroup;
			children = (
				A9D7C1F11E2DCD13005A0DC1 /* 加入购物车动画.app */,
				A9D7C20A1E2DCD13005A0DC1 /* 加入购物车动画Tests.xctest */,
				A9D7C2151E2DCD13005A0DC1 /* 加入购物车动画UITests.xctest */,
			);
			name = Products;
			sourceTree = "<group>";
		};
		A9D7C1F31E2DCD13005A0DC1 /* 加入购物车动画 */ = {
			isa = PBXGroup;
			children = (
				A9D7C1F71E2DCD13005A0DC1 /* AppDelegate.h */,
				A9D7C1F81E2DCD13005A0DC1 /* AppDelegate.m */,
				A9D7C1FA1E2DCD13005A0DC1 /* ViewController.h */,
				A9D7C1FB1E2DCD13005A0DC1 /* ViewController.m */,
				A9D7C1FD1E2DCD13005A0DC1 /* Main.storyboard */,
				A9D7C2001E2DCD13005A0DC1 /* Assets.xcassets */,
				A9D7C2021E2DCD13005A0DC1 /* LaunchScreen.storyboard */,
				A9D7C2051E2DCD13005A0DC1 /* Info.plist */,
				A9D7C1F41E2DCD13005A0DC1 /* Supporting Files */,
			);
			path = "加入购物车动画";
			sourceTree = "<group>";
		};
		A9D7C1F41E2DCD13005A0DC1 /* Supporting Files */ = {
			isa = PBXGroup;
			children = (
				A9D7C2271E2DF006005A0DC1 /* TabCartSelected@2x.png */,
				A9D7C2281E2DF006005A0DC1 /* ButtonRedLarge.png */,
				A9D7C2291E2DF006005A0DC1 /* test01.jpg */,
				A9D7C1F51E2DCD13005A0DC1 /* main.m */,
			);
			name = "Supporting Files";
			sourceTree = "<group>";
		};
		A9D7C20D1E2DCD13005A0DC1 /* 加入购物车动画Tests */ = {
			isa = PBXGroup;
			children = (
				A9D7C20E1E2DCD13005A0DC1 /* _______Tests.m */,
				A9D7C2101E2DCD13005A0DC1 /* Info.plist */,
			);
			path = "加入购物车动画Tests";
			sourceTree = "<group>";
		};
		A9D7C2181E2DCD13005A0DC1 /* 加入购物车动画UITests */ = {
			isa = PBXGroup;
			children = (
				A9D7C2191E2DCD13005A0DC1 /* _______UITests.m */,
				A9D7C21B1E2DCD13005A0DC1 /* Info.plist */,
			);
			path = "加入购物车动画UITests";
			sourceTree = "<group>";
		};
/* End PBXGroup section */

/* Begin PBXNativeTarget section */
		A9D7C1F01E2DCD13005A0DC1 /* 加入购物车动画 */ = {
			isa = PBXNativeTarget;
			buildConfigurationList = A9D7C21E1E2DCD13005A0DC1 /* Build configuration list for PBXNativeTarget "加入购物车动画" */;
			buildPhases = (
				A9D7C1ED1E2DCD13005A0DC1 /* Sources */,
				A9D7C1EE1E2DCD13005A0DC1 /* Frameworks */,
				A9D7C1EF1E2DCD13005A0DC1 /* Resources */,
			);
			buildRules = (
			);
			dependencies = (
			);
			name = "加入购物车动画";
			productName = "加入购物车动画";
			productReference = A9D7C1F11E2DCD13005A0DC1 /* 加入购物车动画.app */;
			productType = "com.apple.product-type.application";
		};
		A9D7C2091E2DCD13005A0DC1 /* 加入购物车动画Tests */ = {
			isa = PBXNativeTarget;
			buildConfigurationList = A9D7C2211E2DCD13005A0DC1 /* Build configuration list for PBXNativeTarget "加入购物车动画Tests" */;
			buildPhases = (
				A9D7C2061E2DCD13005A0DC1 /* Sources */,
				A9D7C2071E2DCD13005A0DC1 /* Frameworks */,
				A9D7C2081E2DCD13005A0DC1 /* Resources */,
			);
			buildRules = (
			);
			dependencies = (
				A9D7C20C1E2DCD13005A0DC1 /* PBXTargetDependency */,
			);
			name = "加入购物车动画Tests";
			productName = "加入购物车动画Tests";
			productReference = A9D7C20A1E2DCD13005A0DC1 /* 加入购物车动画Tests.xctest */;
			productType = "com.apple.product-type.bundle.unit-test";
		};
		A9D7C2141E2DCD13005A0DC1 /* 加入购物车动画UITests */ = {
			isa = PBXNativeTarget;
			buildConfigurationList = A9D7C2241E2DCD13005A0DC1 /* Build configuration list for PBXNativeTarget "加入购物车动画UITests" */;
			buildPhases = (
				A9D7C2111E2DCD13005A0DC1 /* Sources */,
				A9D7C2121E2DCD13005A0DC1 /* Frameworks */,
				A9D7C2131E2DCD13005A0DC1 /* Resources */,
			);
			buildRules = (
			);
			dependencies = (
				A9D7C2171E2DCD13005A0DC1 /* PBXTargetDependency */,
			);
			name = "加入购物车动画UITests";
			productName = "加入购物车动画UITests";
			productReference = A9D7C2151E2DCD13005A0DC1 /* 加入购物车动画UITests.xctest */;
			productType = "com.apple.product-type.bundle.ui-testing";
		};
/* End PBXNativeTarget section */

/* Begin PBXProject section */
		A9D7C1E91E2DCD12005A0DC1 /* Project object */ = {
			isa = PBXProject;
			attributes = {
				LastUpgradeCheck = 0820;
				ORGANIZATIONNAME = jczj;
				TargetAttributes = {
					A9D7C1F01E2DCD13005A0DC1 = {
						CreatedOnToolsVersion = 8.2.1;
						ProvisioningStyle = Automatic;
					};
					A9D7C2091E2DCD13005A0DC1 = {
						CreatedOnToolsVersion = 8.2.1;
						ProvisioningStyle = Automatic;
						TestTargetID = A9D7C1F01E2DCD13005A0DC1;
					};
					A9D7C2141E2DCD13005A0DC1 = {
						CreatedOnToolsVersion = 8.2.1;
						ProvisioningStyle = Automatic;
						TestTargetID = A9D7C1F01E2DCD13005A0DC1;
					};
				};
			};
			buildConfigurationList = A9D7C1EC1E2DCD12005A0DC1 /* Build configuration list for PBXProject "加入购物车动画" */;
			compatibilityVersion = "Xcode 3.2";
			developmentRegion = English;
			hasScannedForEncodings = 0;
			knownRegions = (
				en,
				Base,
			);
			mainGroup = A9D7C1E81E2DCD12005A0DC1;
			productRefGroup = A9D7C1F21E2DCD13005A0DC1 /* Products */;
			projectDirPath = "";
			projectRoot = "";
			targets = (
				A9D7C1F01E2DCD13005A0DC1 /* 加入购物车动画 */,
				A9D7C2091E2DCD13005A0DC1 /* 加入购物车动画Tests */,
				A9D7C2141E2DCD13005A0DC1 /* 加入购物车动画UITests */,
			);
		};
/* End PBXProject section */

/* Begin PBXResourcesBuildPhase section */
		A9D7C1EF1E2DCD13005A0DC1 /* Resources */ = {
			isa = PBXResourcesBuildPhase;
			buildActionMask = 2147483647;
			files = (
				A9D7C22C1E2DF006005A0DC1 /* test01.jpg in Resources */,
				A9D7C2041E2DCD13005A0DC1 /* LaunchScreen.storyboard in Resources */,
				A9D7C22A1E2DF006005A0DC1 /* TabCartSelected@2x.png in Resources */,
				A9D7C2011E2DCD13005A0DC1 /* Assets.xcassets in Resources */,
				A9D7C22B1E2DF006005A0DC1 /* ButtonRedLarge.png in Resources */,
				A9D7C1FF1E2DCD13005A0DC1 /* Main.storyboard in Resources */,
			);
			runOnlyForDeploymentPostprocessing = 0;
		};
		A9D7C2081E2DCD13005A0DC1 /* Resources */ = {
			isa = PBXResourcesBuildPhase;
			buildActionMask = 2147483647;
			files = (
			);
			runOnlyForDeploymentPostprocessing = 0;
		};
		A9D7C2131E2DCD13005A0DC1 /* Resources */ = {
			isa = PBXResourcesBuildPhase;
			buildActionMask = 2147483647;
			files = (
			);
			runOnlyForDeploymentPostprocessing = 0;
		};
/* End PBXResourcesBuildPhase section */

/* Begin PBXSourcesBuildPhase section */
		A9D7C1ED1E2DCD13005A0DC1 /* Sources */ = {
			isa = PBXSourcesBuildPhase;
			buildActionMask = 2147483647;
			files = (
				A9D7C1FC1E2DCD13005A0DC1 /* ViewController.m in Sources */,
				A9D7C1F91E2DCD13005A0DC1 /* AppDelegate.m in Sources */,
				A9D7C1F61E2DCD13005A0DC1 /* main.m in Sources */,
			);
			runOnlyForDeploymentPostprocessing = 0;
		};
		A9D7C2061E2DCD13005A0DC1 /* Sources */ = {
			isa = PBXSourcesBuildPhase;
			buildActionMask = 2147483647;
			files = (
				A9D7C20F1E2DCD13005A0DC1 /* _______Tests.m in Sources */,
			);
			runOnlyForDeploymentPostprocessing = 0;
		};
		A9D7C2111E2DCD13005A0DC1 /* Sources */ = {
			isa = PBXSourcesBuildPhase;
			buildActionMask = 2147483647;
			files = (
				A9D7C21A1E2DCD13005A0DC1 /* _______UITests.m in Sources */,
			);
			runOnlyForDeploymentPostprocessing = 0;
		};
/* End PBXSourcesBuildPhase section */

/* Begin PBXTargetDependency section */
		A9D7C20C1E2DCD13005A0DC1 /* PBXTargetDependency */ = {
			isa = PBXTargetDependency;
			target = A9D7C1F01E2DCD13005A0DC1 /* 加入购物车动画 */;
			targetProxy = A9D7C20B1E2DCD13005A0DC1 /* PBXContainerItemProxy */;
		};
		A9D7C2171E2DCD13005A0DC1 /* PBXTargetDependency */ = {
			isa = PBXTargetDependency;
			target = A9D7C1F01E2DCD13005A0DC1 /* 加入购物车动画 */;
			targetProxy = A9D7C2161E2DCD13005A0DC1 /* PBXContainerItemProxy */;
		};
/* End PBXTargetDependency section */

/* Begin PBXVariantGroup section */
		A9D7C1FD1E2DCD13005A0DC1 /* Main.storyboard */ = {
			isa = PBXVariantGroup;
			children = (
				A9D7C1FE1E2DCD13005A0DC1 /* Base */,
			);
			name = Main.storyboard;
			sourceTree = "<group>";
		};
		A9D7C2021E2DCD13005A0DC1 /* LaunchScreen.storyboard */ = {
			isa = PBXVariantGroup;
			children = (
				A9D7C2031E2DCD13005A0DC1 /* Base */,
			);
			name = LaunchScreen.storyboard;
			sourceTree = "<group>";
		};
/* End PBXVariantGroup section */

/* Begin XCBuildConfiguration section */
		A9D7C21C1E2DCD13005A0DC1 /* Debug */ = {
			isa = XCBuildConfiguration;
			buildSettings = {
				ALWAYS_SEARCH_USER_PATHS = NO;
				CLANG_ANALYZER_NONNULL = YES;
				CLANG_CXX_LANGUAGE_STANDARD = "gnu++0x";
				CLANG_CXX_LIBRARY = "libc++";
				CLANG_ENABLE_MODULES = YES;
				CLANG_ENABLE_OBJC_ARC = YES;
				CLANG_WARN_BOOL_CONVERSION = YES;
				CLANG_WARN_CONSTANT_CONVERSION = YES;
				CLANG_WARN_DIRECT_OBJC_ISA_USAGE = YES_ERROR;
				CLANG_WARN_DOCUMENTATION_COMMENTS = YES;
				CLANG_WARN_EMPTY_BODY = YES;
				CLANG_WARN_ENUM_CONVERSION = YES;
				CLANG_WARN_INFINITE_RECURSION = YES;
				CLANG_WARN_INT_CONVERSION = YES;
				CLANG_WARN_OBJC_ROOT_CLASS = YES_ERROR;
				CLANG_WARN_SUSPICIOUS_MOVE = YES;
				CLANG_WARN_UNREACHABLE_CODE = YES;
				CLANG_WARN__DUPLICATE_METHOD_MATCH = YES;
				"CODE_SIGN_IDENTITY[sdk=iphoneos*]" = "iPhone Developer";
				COPY_PHASE_STRIP = NO;
				DEBUG_INFORMATION_FORMAT = dwarf;
				ENABLE_STRICT_OBJC_MSGSEND = YES;
				ENABLE_TESTABILITY = YES;
				GCC_C_LANGUAGE_STANDARD = gnu99;
				GCC_DYNAMIC_NO_PIC = NO;
				GCC_NO_COMMON_BLOCKS = YES;
				GCC_OPTIMIZATION_LEVEL = 0;
				GCC_PREPROCESSOR_DEFINITIONS = (
					"DEBUG=1",
					"$(inherited)",
				);
				GCC_WARN_64_TO_32_BIT_CONVERSION = YES;
				GCC_WARN_ABOUT_RETURN_TYPE = YES_ERROR;
				GCC_WARN_UNDECLARED_SELECTOR = YES;
				GCC_WARN_UNINITIALIZED_AUTOS = YES_AGGRESSIVE;
				GCC_WARN_UNUSED_FUNCTION = YES;
				GCC_WARN_UNUSED_VARIABLE = YES;
				IPHONEOS_DEPLOYMENT_TARGET = 10.2;
				MTL_ENABLE_DEBUG_INFO = YES;
				ONLY_ACTIVE_ARCH = YES;
				SDKROOT = iphoneos;
				TARGETED_DEVICE_FAMILY = "1,2";
			};
			name = Debug;
		};
		A9D7C21D1E2DCD13005A0DC1 /* Release */ = {
			isa = XCBuildConfiguration;
			buildSettings = {
				ALWAYS_SEARCH_USER_PATHS = NO;
				CLANG_ANALYZER_NONNULL = YES;
				CLANG_CXX_LANGUAGE_STANDARD = "gnu++0x";
				CLANG_CXX_LIBRARY = "libc++";
				CLANG_ENABLE_MODULES = YES;
				CLANG_ENABLE_OBJC_ARC = YES;
				CLANG_WARN_BOOL_CONVERSION = YES;
				CLANG_WARN_CONSTANT_CONVERSION = YES;
				CLANG_WARN_DIRECT_OBJC_ISA_USAGE = YES_ERROR;
				CLANG_WARN_DOCUMENTATION_COMMENTS = YES;
				CLANG_WARN_EMPTY_BODY = YES;
				CLANG_WARN_ENUM_CONVERSION = YES;
				CLANG_WARN_INFINITE_RECURSION = YES;
				CLANG_WARN_INT_CONVERSION = YES;
				CLANG_WARN_OBJC_ROOT_CLASS = YES_ERROR;
				CLANG_WARN_SUSPICIOUS_MOVE = YES;
				CLANG_WARN_UNREACHABLE_CODE = YES;
				CLANG_WARN__DUPLICATE_METHOD_MATCH = YES;
				"CODE_SIGN_IDENTITY[sdk=iphoneos*]" = "iPhone Developer";
				COPY_PHASE_STRIP = NO;
				DEBUG_INFORMATION_FORMAT = "dwarf-with-dsym";
				ENABLE_NS_ASSERTIONS = NO;
				ENABLE_STRICT_OBJC_MSGSEND = YES;
				GCC_C_LANGUAGE_STANDARD = gnu99;
				GCC_NO_COMMON_BLOCKS = YES;
				GCC_WARN_64_TO_32_BIT_CONVERSION = YES;
				GCC_WARN_ABOUT_RETURN_TYPE = YES_ERROR;
				GCC_WARN_UNDECLARED_SELECTOR = YES;
				GCC_WARN_UNINITIALIZED_AUTOS = YES_AGGRESSIVE;
				GCC_WARN_UNUSED_FUNCTION = YES;
				GCC_WARN_UNUSED_VARIABLE = YES;
				IPHONEOS_DEPLOYMENT_TARGET = 10.2;
				MTL_ENABLE_DEBUG_INFO = NO;
				SDKROOT = iphoneos;
				TARGETED_DEVICE_FAMILY = "1,2";
				VALIDATE_PRODUCT = YES;
			};
			name = Release;
		};
		A9D7C21F1E2DCD13005A0DC1 /* Debug */ = {
			isa = XCBuildConfiguration;
			buildSettings = {
				ASSETCATALOG_COMPILER_APPICON_NAME = AppIcon;
				INFOPLIST_FILE = "加入购物车动画/Info.plist";
				LD_RUNPATH_SEARCH_PATHS = "$(inherited) @executable_path/Frameworks";
				PRODUCT_BUNDLE_IDENTIFIER = "Hang.-------";
				PRODUCT_NAME = "$(TARGET_NAME)";
			};
			name = Debug;
		};
		A9D7C2201E2DCD13005A0DC1 /* Release */ = {
			isa = XCBuildConfiguration;
			buildSettings = {
				ASSETCATALOG_COMPILER_APPICON_NAME = AppIcon;
				INFOPLIST_FILE = "加入购物车动画/Info.plist";
				LD_RUNPATH_SEARCH_PATHS = "$(inherited) @executable_path/Frameworks";
				PRODUCT_BUNDLE_IDENTIFIER = "Hang.-------";
				PRODUCT_NAME = "$(TARGET_NAME)";
			};
			name = Release;
		};
		A9D7C2221E2DCD13005A0DC1 /* Debug */ = {
			isa = XCBuildConfiguration;
			buildSettings = {
				BUNDLE_LOADER = "$(TEST_HOST)";
				INFOPLIST_FILE = "加入购物车动画Tests/Info.plist";
				LD_RUNPATH_SEARCH_PATHS = "$(inherited) @executable_path/Frameworks @loader_path/Frameworks";
				PRODUCT_BUNDLE_IDENTIFIER = "Hang.-------Tests";
				PRODUCT_NAME = "$(TARGET_NAME)";
				TEST_HOST = "$(BUILT_PRODUCTS_DIR)/加入购物车动画.app/加入购物车动画";
			};
			name = Debug;
		};
		A9D7C2231E2DCD13005A0DC1 /* Release */ = {
			isa = XCBuildConfiguration;
			buildSettings = {
				BUNDLE_LOADER = "$(TEST_HOST)";
				INFOPLIST_FILE = "加入购物车动画Tests/Info.plist";
				LD_RUNPATH_SEARCH_PATHS = "$(inherited) @executable_path/Frameworks @loader_path/Frameworks";
				PRODUCT_BUNDLE_IDENTIFIER = "Hang.-------Tests";
				PRODUCT_NAME = "$(TARGET_NAME)";
				TEST_HOST = "$(BUILT_PRODUCTS_DIR)/加入购物车动画.app/加入购物车动画";
			};
			name = Release;
		};
		A9D7C2251E2DCD13005A0DC1 /* Debug */ = {
			isa = XCBuildConfiguration;
			buildSettings = {
				INFOPLIST_FILE = "加入购物车动画UITests/Info.plist";
				LD_RUNPATH_SEARCH_PATHS = "$(inherited) @executable_path/Frameworks @loader_path/Frameworks";
				PRODUCT_BUNDLE_IDENTIFIER = "Hang.-------UITests";
				PRODUCT_NAME = "$(TARGET_NAME)";
				TEST_TARGET_NAME = "加入购物车动画";
			};
			name = Debug;
		};
		A9D7C2261E2DCD13005A0DC1 /* Release */ = {
			isa = XCBuildConfiguration;
			buildSettings = {
				INFOPLIST_FILE = "加入购物车动画UITests/Info.plist";
				LD_RUNPATH_SEARCH_PATHS = "$(inherited) @executable_path/Frameworks @loader_path/Frameworks";
				PRODUCT_BUNDLE_IDENTIFIER = "Hang.-------UITests";
				PRODUCT_NAME = "$(TARGET_NAME)";
				TEST_TARGET_NAME = "加入购物车动画";
			};
			name = Release;
		};
/* End XCBuildConfiguration section */

/* Begin XCConfigurationList section */
		A9D7C1EC1E2DCD12005A0DC1 /* Build configuration list for PBXProject "加入购物车动画" */ = {
			isa = XCConfigurationList;
			buildConfigurations = (
				A9D7C21C1E2DCD13005A0DC1 /* Debug */,
				A9D7C21D1E2DCD13005A0DC1 /* Release */,
			);
			defaultConfigurationIsVisible = 0;
			defaultConfigurationName = Release;
		};
		A9D7C21E1E2DCD13005A0DC1 /* Build configuration list for PBXNativeTarget "加入购物车动画" */ = {
			isa = XCConfigurationList;
			buildConfigurations = (
				A9D7C21F1E2DCD13005A0DC1 /* Debug */,
				A9D7C2201E2DCD13005A0DC1 /* Release */,
			);
			defaultConfigurationIsVisible = 0;
		};
		A9D7C2211E2DCD13005A0DC1 /* Build configuration list for PBXNativeTarget "加入购物车动画Tests" */ = {
			isa = XCConfigurationList;
			buildConfigurations = (
				A9D7C2221E2DCD13005A0DC1 /* Debug */,
				A9D7C2231E2DCD13005A0DC1 /* Release */,
			);
			defaultConfigurationIsVisible = 0;
		};
		A9D7C2241E2DCD13005A0DC1 /* Build configuration list for PBXNativeTarget "加入购物车动画UITests" */ = {
			isa = XCConfigurationList;
			buildConfigurations = (
				A9D7C2251E2DCD13005A0DC1 /* Debug */,
				A9D7C2261E2DCD13005A0DC1 /* Release */,
			);
			defaultConfigurationIsVisible = 0;
		};
/* End XCConfigurationList section */
	};
	rootObject = A9D7C1E91E2DCD12005A0DC1 /* Project object */;
}
