// !$*UTF8*$!
{
	archiveVersion = 1;
	classes = {
	};
	objectVersion = 46;
	objects = {

/* Begin PBXBuildFile section */
		A9E6992B1E25DA1100478D77 /* main.m in Sources */ = {isa = PBXBuildFile; fileRef = A9E6992A1E25DA1100478D77 /* main.m */; };
		A9E6992E1E25DA1100478D77 /* AppDelegate.m in Sources */ = {isa = PBXBuildFile; fileRef = A9E6992D1E25DA1100478D77 /* AppDelegate.m */; };
		A9E699311E25DA1100478D77 /* ViewController.m in Sources */ = {isa = PBXBuildFile; fileRef = A9E699301E25DA1100478D77 /* ViewController.m */; };
		A9E699341E25DA1100478D77 /* Main.storyboard in Resources */ = {isa = PBXBuildFile; fileRef = A9E699321E25DA1100478D77 /* Main.storyboard */; };
		A9E699361E25DA1100478D77 /* Assets.xcassets in Resources */ = {isa = PBXBuildFile; fileRef = A9E699351E25DA1100478D77 /* Assets.xcassets */; };
		A9E699391E25DA1100478D77 /* LaunchScreen.storyboard in Resources */ = {isa = PBXBuildFile; fileRef = A9E699371E25DA1100478D77 /* LaunchScreen.storyboard */; };
		A9E699441E25DA1100478D77 /* _______Tests.m in Sources */ = {isa = PBXBuildFile; fileRef = A9E699431E25DA1100478D77 /* _______Tests.m */; };
		A9E6994F1E25DA1100478D77 /* _______UITests.m in Sources */ = {isa = PBXBuildFile; fileRef = A9E6994E1E25DA1100478D77 /* _______UITests.m */; };
/* End PBXBuildFile section */

/* Begin PBXContainerItemProxy section */
		A9E699401E25DA1100478D77 /* PBXContainerItemProxy */ = {
			isa = PBXContainerItemProxy;
			containerPortal = A9E6991E1E25DA1100478D77 /* Project object */;
			proxyType = 1;
			remoteGlobalIDString = A9E699251E25DA1100478D77;
			remoteInfo = "导航栏渐变练习";
		};
		A9E6994B1E25DA1100478D77 /* PBXContainerItemProxy */ = {
			isa = PBXContainerItemProxy;
			containerPortal = A9E6991E1E25DA1100478D77 /* Project object */;
			proxyType = 1;
			remoteGlobalIDString = A9E699251E25DA1100478D77;
			remoteInfo = "导航栏渐变练习";
		};
/* End PBXContainerItemProxy section */

/* Begin PBXFileReference section */
		A9E699261E25DA1100478D77 /* 导航栏渐变练习.app */ = {isa = PBXFileReference; explicitFileType = wrapper.application; includeInIndex = 0; path = "导航栏渐变练习.app"; sourceTree = BUILT_PRODUCTS_DIR; };
		A9E6992A1E25DA1100478D77 /* main.m */ = {isa = PBXFileReference; lastKnownFileType = sourcecode.c.objc; path = main.m; sourceTree = "<group>"; };
		A9E6992C1E25DA1100478D77 /* AppDelegate.h */ = {isa = PBXFileReference; lastKnownFileType = sourcecode.c.h; path = AppDelegate.h; sourceTree = "<group>"; };
		A9E6992D1E25DA1100478D77 /* AppDelegate.m */ = {isa = PBXFileReference; lastKnownFileType = sourcecode.c.objc; path = AppDelegate.m; sourceTree = "<group>"; };
		A9E6992F1E25DA1100478D77 /* ViewController.h */ = {isa = PBXFileReference; lastKnownFileType = sourcecode.c.h; path = ViewController.h; sourceTree = "<group>"; };
		A9E699301E25DA1100478D77 /* ViewController.m */ = {isa = PBXFileReference; lastKnownFileType = sourcecode.c.objc; path = ViewController.m; sourceTree = "<group>"; };
		A9E699331E25DA1100478D77 /* Base */ = {isa = PBXFileReference; lastKnownFileType = file.storyboard; name = Base; path = Base.lproj/Main.storyboard; sourceTree = "<group>"; };
		A9E699351E25DA1100478D77 /* Assets.xcassets */ = {isa = PBXFileReference; lastKnownFileType = folder.assetcatalog; path = Assets.xcassets; sourceTree = "<group>"; };
		A9E699381E25DA1100478D77 /* Base */ = {isa = PBXFileReference; lastKnownFileType = file.storyboard; name = Base; path = Base.lproj/LaunchScreen.storyboard; sourceTree = "<group>"; };
		A9E6993A1E25DA1100478D77 /* Info.plist */ = {isa = PBXFileReference; lastKnownFileType = text.plist.xml; path = Info.plist; sourceTree = "<group>"; };
		A9E6993F1E25DA1100478D77 /* 导航栏渐变练习Tests.xctest */ = {isa = PBXFileReference; explicitFileType = wrapper.cfbundle; includeInIndex = 0; path = "导航栏渐变练习Tests.xctest"; sourceTree = BUILT_PRODUCTS_DIR; };
		A9E699431E25DA1100478D77 /* _______Tests.m */ = {isa = PBXFileReference; lastKnownFileType = sourcecode.c.objc; path = "_______Tests.m"; sourceTree = "<group>"; };
		A9E699451E25DA1100478D77 /* Info.plist */ = {isa = PBXFileReference; lastKnownFileType = text.plist.xml; path = Info.plist; sourceTree = "<group>"; };
		A9E6994A1E25DA1100478D77 /* 导航栏渐变练习UITests.xctest */ = {isa = PBXFileReference; explicitFileType = wrapper.cfbundle; includeInIndex = 0; path = "导航栏渐变练习UITests.xctest"; sourceTree = BUILT_PRODUCTS_DIR; };
		A9E6994E1E25DA1100478D77 /* _______UITests.m */ = {isa = PBXFileReference; lastKnownFileType = sourcecode.c.objc; path = "_______UITests.m"; sourceTree = "<group>"; };
		A9E699501E25DA1100478D77 /* Info.plist */ = {isa = PBXFileReference; lastKnownFileType = text.plist.xml; path = Info.plist; sourceTree = "<group>"; };
/* End PBXFileReference section */

/* Begin PBXFrameworksBuildPhase section */
		A9E699231E25DA1100478D77 /* Frameworks */ = {
			isa = PBXFrameworksBuildPhase;
			buildActionMask = 2147483647;
			files = (
			);
			runOnlyForDeploymentPostprocessing = 0;
		};
		A9E6993C1E25DA1100478D77 /* Frameworks */ = {
			isa = PBXFrameworksBuildPhase;
			buildActionMask = 2147483647;
			files = (
			);
			runOnlyForDeploymentPostprocessing = 0;
		};
		A9E699471E25DA1100478D77 /* Frameworks */ = {
			isa = PBXFrameworksBuildPhase;
			buildActionMask = 2147483647;
			files = (
			);
			runOnlyForDeploymentPostprocessing = 0;
		};
/* End PBXFrameworksBuildPhase section */

/* Begin PBXGroup section */
		A9E6991D1E25DA1100478D77 = {
			isa = PBXGroup;
			children = (
				A9E699281E25DA1100478D77 /* 导航栏渐变练习 */,
				A9E699421E25DA1100478D77 /* 导航栏渐变练习Tests */,
				A9E6994D1E25DA1100478D77 /* 导航栏渐变练习UITests */,
				A9E699271E25DA1100478D77 /* Products */,
			);
			sourceTree = "<group>";
		};
		A9E699271E25DA1100478D77 /* Products */ = {
			isa = PBXGroup;
			children = (
				A9E699261E25DA1100478D77 /* 导航栏渐变练习.app */,
				A9E6993F1E25DA1100478D77 /* 导航栏渐变练习Tests.xctest */,
				A9E6994A1E25DA1100478D77 /* 导航栏渐变练习UITests.xctest */,
			);
			name = Products;
			sourceTree = "<group>";
		};
		A9E699281E25DA1100478D77 /* 导航栏渐变练习 */ = {
			isa = PBXGroup;
			children = (
				A9E6992C1E25DA1100478D77 /* AppDelegate.h */,
				A9E6992D1E25DA1100478D77 /* AppDelegate.m */,
				A9E6992F1E25DA1100478D77 /* ViewController.h */,
				A9E699301E25DA1100478D77 /* ViewController.m */,
				A9E699321E25DA1100478D77 /* Main.storyboard */,
				A9E699351E25DA1100478D77 /* Assets.xcassets */,
				A9E699371E25DA1100478D77 /* LaunchScreen.storyboard */,
				A9E6993A1E25DA1100478D77 /* Info.plist */,
				A9E699291E25DA1100478D77 /* Supporting Files */,
			);
			path = "导航栏渐变练习";
			sourceTree = "<group>";
		};
		A9E699291E25DA1100478D77 /* Supporting Files */ = {
			isa = PBXGroup;
			children = (
				A9E6992A1E25DA1100478D77 /* main.m */,
			);
			name = "Supporting Files";
			sourceTree = "<group>";
		};
		A9E699421E25DA1100478D77 /* 导航栏渐变练习Tests */ = {
			isa = PBXGroup;
			children = (
				A9E699431E25DA1100478D77 /* _______Tests.m */,
				A9E699451E25DA1100478D77 /* Info.plist */,
			);
			path = "导航栏渐变练习Tests";
			sourceTree = "<group>";
		};
		A9E6994D1E25DA1100478D77 /* 导航栏渐变练习UITests */ = {
			isa = PBXGroup;
			children = (
				A9E6994E1E25DA1100478D77 /* _______UITests.m */,
				A9E699501E25DA1100478D77 /* Info.plist */,
			);
			path = "导航栏渐变练习UITests";
			sourceTree = "<group>";
		};
/* End PBXGroup section */

/* Begin PBXNativeTarget section */
		A9E699251E25DA1100478D77 /* 导航栏渐变练习 */ = {
			isa = PBXNativeTarget;
			buildConfigurationList = A9E699531E25DA1100478D77 /* Build configuration list for PBXNativeTarget "导航栏渐变练习" */;
			buildPhases = (
				A9E699221E25DA1100478D77 /* Sources */,
				A9E699231E25DA1100478D77 /* Frameworks */,
				A9E699241E25DA1100478D77 /* Resources */,
			);
			buildRules = (
			);
			dependencies = (
			);
			name = "导航栏渐变练习";
			productName = "导航栏渐变练习";
			productReference = A9E699261E25DA1100478D77 /* 导航栏渐变练习.app */;
			productType = "com.apple.product-type.application";
		};
		A9E6993E1E25DA1100478D77 /* 导航栏渐变练习Tests */ = {
			isa = PBXNativeTarget;
			buildConfigurationList = A9E699561E25DA1100478D77 /* Build configuration list for PBXNativeTarget "导航栏渐变练习Tests" */;
			buildPhases = (
				A9E6993B1E25DA1100478D77 /* Sources */,
				A9E6993C1E25DA1100478D77 /* Frameworks */,
				A9E6993D1E25DA1100478D77 /* Resources */,
			);
			buildRules = (
			);
			dependencies = (
				A9E699411E25DA1100478D77 /* PBXTargetDependency */,
			);
			name = "导航栏渐变练习Tests";
			productName = "导航栏渐变练习Tests";
			productReference = A9E6993F1E25DA1100478D77 /* 导航栏渐变练习Tests.xctest */;
			productType = "com.apple.product-type.bundle.unit-test";
		};
		A9E699491E25DA1100478D77 /* 导航栏渐变练习UITests */ = {
			isa = PBXNativeTarget;
			buildConfigurationList = A9E699591E25DA1100478D77 /* Build configuration list for PBXNativeTarget "导航栏渐变练习UITests" */;
			buildPhases = (
				A9E699461E25DA1100478D77 /* Sources */,
				A9E699471E25DA1100478D77 /* Frameworks */,
				A9E699481E25DA1100478D77 /* Resources */,
			);
			buildRules = (
			);
			dependencies = (
				A9E6994C1E25DA1100478D77 /* PBXTargetDependency */,
			);
			name = "导航栏渐变练习UITests";
			productName = "导航栏渐变练习UITests";
			productReference = A9E6994A1E25DA1100478D77 /* 导航栏渐变练习UITests.xctest */;
			productType = "com.apple.product-type.bundle.ui-testing";
		};
/* End PBXNativeTarget section */

/* Begin PBXProject section */
		A9E6991E1E25DA1100478D77 /* Project object */ = {
			isa = PBXProject;
			attributes = {
				LastUpgradeCheck = 0820;
				ORGANIZATIONNAME = jczj;
				TargetAttributes = {
					A9E699251E25DA1100478D77 = {
						CreatedOnToolsVersion = 8.2.1;
						DevelopmentTeam = 37YHYG6DJ4;
						ProvisioningStyle = Automatic;
					};
					A9E6993E1E25DA1100478D77 = {
						CreatedOnToolsVersion = 8.2.1;
						ProvisioningStyle = Automatic;
						TestTargetID = A9E699251E25DA1100478D77;
					};
					A9E699491E25DA1100478D77 = {
						CreatedOnToolsVersion = 8.2.1;
						ProvisioningStyle = Automatic;
						TestTargetID = A9E699251E25DA1100478D77;
					};
				};
			};
			buildConfigurationList = A9E699211E25DA1100478D77 /* Build configuration list for PBXProject "导航栏渐变练习" */;
			compatibilityVersion = "Xcode 3.2";
			developmentRegion = English;
			hasScannedForEncodings = 0;
			knownRegions = (
				en,
				Base,
			);
			mainGroup = A9E6991D1E25DA1100478D77;
			productRefGroup = A9E699271E25DA1100478D77 /* Products */;
			projectDirPath = "";
			projectRoot = "";
			targets = (
				A9E699251E25DA1100478D77 /* 导航栏渐变练习 */,
				A9E6993E1E25DA1100478D77 /* 导航栏渐变练习Tests */,
				A9E699491E25DA1100478D77 /* 导航栏渐变练习UITests */,
			);
		};
/* End PBXProject section */

/* Begin PBXResourcesBuildPhase section */
		A9E699241E25DA1100478D77 /* Resources */ = {
			isa = PBXResourcesBuildPhase;
			buildActionMask = 2147483647;
			files = (
				A9E699391E25DA1100478D77 /* LaunchScreen.storyboard in Resources */,
				A9E699361E25DA1100478D77 /* Assets.xcassets in Resources */,
				A9E699341E25DA1100478D77 /* Main.storyboard in Resources */,
			);
			runOnlyForDeploymentPostprocessing = 0;
		};
		A9E6993D1E25DA1100478D77 /* Resources */ = {
			isa = PBXResourcesBuildPhase;
			buildActionMask = 2147483647;
			files = (
			);
			runOnlyForDeploymentPostprocessing = 0;
		};
		A9E699481E25DA1100478D77 /* Resources */ = {
			isa = PBXResourcesBuildPhase;
			buildActionMask = 2147483647;
			files = (
			);
			runOnlyForDeploymentPostprocessing = 0;
		};
/* End PBXResourcesBuildPhase section */

/* Begin PBXSourcesBuildPhase section */
		A9E699221E25DA1100478D77 /* Sources */ = {
			isa = PBXSourcesBuildPhase;
			buildActionMask = 2147483647;
			files = (
				A9E699311E25DA1100478D77 /* ViewController.m in Sources */,
				A9E6992E1E25DA1100478D77 /* AppDelegate.m in Sources */,
				A9E6992B1E25DA1100478D77 /* main.m in Sources */,
			);
			runOnlyForDeploymentPostprocessing = 0;
		};
		A9E6993B1E25DA1100478D77 /* Sources */ = {
			isa = PBXSourcesBuildPhase;
			buildActionMask = 2147483647;
			files = (
				A9E699441E25DA1100478D77 /* _______Tests.m in Sources */,
			);
			runOnlyForDeploymentPostprocessing = 0;
		};
		A9E699461E25DA1100478D77 /* Sources */ = {
			isa = PBXSourcesBuildPhase;
			buildActionMask = 2147483647;
			files = (
				A9E6994F1E25DA1100478D77 /* _______UITests.m in Sources */,
			);
			runOnlyForDeploymentPostprocessing = 0;
		};
/* End PBXSourcesBuildPhase section */

/* Begin PBXTargetDependency section */
		A9E699411E25DA1100478D77 /* PBXTargetDependency */ = {
			isa = PBXTargetDependency;
			target = A9E699251E25DA1100478D77 /* 导航栏渐变练习 */;
			targetProxy = A9E699401E25DA1100478D77 /* PBXContainerItemProxy */;
		};
		A9E6994C1E25DA1100478D77 /* PBXTargetDependency */ = {
			isa = PBXTargetDependency;
			target = A9E699251E25DA1100478D77 /* 导航栏渐变练习 */;
			targetProxy = A9E6994B1E25DA1100478D77 /* PBXContainerItemProxy */;
		};
/* End PBXTargetDependency section */

/* Begin PBXVariantGroup section */
		A9E699321E25DA1100478D77 /* Main.storyboard */ = {
			isa = PBXVariantGroup;
			children = (
				A9E699331E25DA1100478D77 /* Base */,
			);
			name = Main.storyboard;
			sourceTree = "<group>";
		};
		A9E699371E25DA1100478D77 /* LaunchScreen.storyboard */ = {
			isa = PBXVariantGroup;
			children = (
				A9E699381E25DA1100478D77 /* Base */,
			);
			name = LaunchScreen.storyboard;
			sourceTree = "<group>";
		};
/* End PBXVariantGroup section */

/* Begin XCBuildConfiguration section */
		A9E699511E25DA1100478D77 /* Debug */ = {
			isa = XCBuildConfiguration;
			buildSettings = {
				ALWAYS_SEARCH_USER_PATHS = NO;
				CLANG_ANALYZER_NONNULL = YES;
				CLANG_CXX_LANGUAGE_STANDARD = "gnu++0x";
				CLANG_CXX_LIBRARY = "libc++";
				CLANG_ENABLE_MODULES = YES;
				CLANG_ENABLE_OBJC_ARC = YES;
				CLANG_WARN_BOOL_CONVERSION = YES;
				CLANG_WARN_CONSTANT_CONVERSION = YES;
				CLANG_WARN_DIRECT_OBJC_ISA_USAGE = YES_ERROR;
				CLANG_WARN_DOCUMENTATION_COMMENTS = YES;
				CLANG_WARN_EMPTY_BODY = YES;
				CLANG_WARN_ENUM_CONVERSION = YES;
				CLANG_WARN_INFINITE_RECURSION = YES;
				CLANG_WARN_INT_CONVERSION = YES;
				CLANG_WARN_OBJC_ROOT_CLASS = YES_ERROR;
				CLANG_WARN_SUSPICIOUS_MOVE = YES;
				CLANG_WARN_UNREACHABLE_CODE = YES;
				CLANG_WARN__DUPLICATE_METHOD_MATCH = YES;
				"CODE_SIGN_IDENTITY[sdk=iphoneos*]" = "iPhone Developer";
				COPY_PHASE_STRIP = NO;
				DEBUG_INFORMATION_FORMAT = dwarf;
				ENABLE_STRICT_OBJC_MSGSEND = YES;
				ENABLE_TESTABILITY = YES;
				GCC_C_LANGUAGE_STANDARD = gnu99;
				GCC_DYNAMIC_NO_PIC = NO;
				GCC_NO_COMMON_BLOCKS = YES;
				GCC_OPTIMIZATION_LEVEL = 0;
				GCC_PREPROCESSOR_DEFINITIONS = (
					"DEBUG=1",
					"$(inherited)",
				);
				GCC_WARN_64_TO_32_BIT_CONVERSION = YES;
				GCC_WARN_ABOUT_RETURN_TYPE = YES_ERROR;
				GCC_WARN_UNDECLARED_SELECTOR = YES;
				GCC_WARN_UNINITIALIZED_AUTOS = YES_AGGRESSIVE;
				GCC_WARN_UNUSED_FUNCTION = YES;
				GCC_WARN_UNUSED_VARIABLE = YES;
				IPHONEOS_DEPLOYMENT_TARGET = 10.2;
				MTL_ENABLE_DEBUG_INFO = YES;
				ONLY_ACTIVE_ARCH = YES;
				SDKROOT = iphoneos;
				TARGETED_DEVICE_FAMILY = "1,2";
			};
			name = Debug;
		};
		A9E699521E25DA1100478D77 /* Release */ = {
			isa = XCBuildConfiguration;
			buildSettings = {
				ALWAYS_SEARCH_USER_PATHS = NO;
				CLANG_ANALYZER_NONNULL = YES;
				CLANG_CXX_LANGUAGE_STANDARD = "gnu++0x";
				CLANG_CXX_LIBRARY = "libc++";
				CLANG_ENABLE_MODULES = YES;
				CLANG_ENABLE_OBJC_ARC = YES;
				CLANG_WARN_BOOL_CONVERSION = YES;
				CLANG_WARN_CONSTANT_CONVERSION = YES;
				CLANG_WARN_DIRECT_OBJC_ISA_USAGE = YES_ERROR;
				CLANG_WARN_DOCUMENTATION_COMMENTS = YES;
				CLANG_WARN_EMPTY_BODY = YES;
				CLANG_WARN_ENUM_CONVERSION = YES;
				CLANG_WARN_INFINITE_RECURSION = YES;
				CLANG_WARN_INT_CONVERSION = YES;
				CLANG_WARN_OBJC_ROOT_CLASS = YES_ERROR;
				CLANG_WARN_SUSPICIOUS_MOVE = YES;
				CLANG_WARN_UNREACHABLE_CODE = YES;
				CLANG_WARN__DUPLICATE_METHOD_MATCH = YES;
				"CODE_SIGN_IDENTITY[sdk=iphoneos*]" = "iPhone Developer";
				COPY_PHASE_STRIP = NO;
				DEBUG_INFORMATION_FORMAT = "dwarf-with-dsym";
				ENABLE_NS_ASSERTIONS = NO;
				ENABLE_STRICT_OBJC_MSGSEND = YES;
				GCC_C_LANGUAGE_STANDARD = gnu99;
				GCC_NO_COMMON_BLOCKS = YES;
				GCC_WARN_64_TO_32_BIT_CONVERSION = YES;
				GCC_WARN_ABOUT_RETURN_TYPE = YES_ERROR;
				GCC_WARN_UNDECLARED_SELECTOR = YES;
				GCC_WARN_UNINITIALIZED_AUTOS = YES_AGGRESSIVE;
				GCC_WARN_UNUSED_FUNCTION = YES;
				GCC_WARN_UNUSED_VARIABLE = YES;
				IPHONEOS_DEPLOYMENT_TARGET = 10.2;
				MTL_ENABLE_DEBUG_INFO = NO;
				SDKROOT = iphoneos;
				TARGETED_DEVICE_FAMILY = "1,2";
				VALIDATE_PRODUCT = YES;
			};
			name = Release;
		};
		A9E699541E25DA1100478D77 /* Debug */ = {
			isa = XCBuildConfiguration;
			buildSettings = {
				ASSETCATALOG_COMPILER_APPICON_NAME = AppIcon;
				DEVELOPMENT_TEAM = 37YHYG6DJ4;
				INFOPLIST_FILE = "导航栏渐变练习/Info.plist";
				LD_RUNPATH_SEARCH_PATHS = "$(inherited) @executable_path/Frameworks";
				PRODUCT_BUNDLE_IDENTIFIER = "Hang.-------";
				PRODUCT_NAME = "$(TARGET_NAME)";
			};
			name = Debug;
		};
		A9E699551E25DA1100478D77 /* Release */ = {
			isa = XCBuildConfiguration;
			buildSettings = {
				ASSETCATALOG_COMPILER_APPICON_NAME = AppIcon;
				DEVELOPMENT_TEAM = 37YHYG6DJ4;
				INFOPLIST_FILE = "导航栏渐变练习/Info.plist";
				LD_RUNPATH_SEARCH_PATHS = "$(inherited) @executable_path/Frameworks";
				PRODUCT_BUNDLE_IDENTIFIER = "Hang.-------";
				PRODUCT_NAME = "$(TARGET_NAME)";
			};
			name = Release;
		};
		A9E699571E25DA1100478D77 /* Debug */ = {
			isa = XCBuildConfiguration;
			buildSettings = {
				BUNDLE_LOADER = "$(TEST_HOST)";
				INFOPLIST_FILE = "导航栏渐变练习Tests/Info.plist";
				LD_RUNPATH_SEARCH_PATHS = "$(inherited) @executable_path/Frameworks @loader_path/Frameworks";
				PRODUCT_BUNDLE_IDENTIFIER = "Hang.-------Tests";
				PRODUCT_NAME = "$(TARGET_NAME)";
				TEST_HOST = "$(BUILT_PRODUCTS_DIR)/导航栏渐变练习.app/导航栏渐变练习";
			};
			name = Debug;
		};
		A9E699581E25DA1100478D77 /* Release */ = {
			isa = XCBuildConfiguration;
			buildSettings = {
				BUNDLE_LOADER = "$(TEST_HOST)";
				INFOPLIST_FILE = "导航栏渐变练习Tests/Info.plist";
				LD_RUNPATH_SEARCH_PATHS = "$(inherited) @executable_path/Frameworks @loader_path/Frameworks";
				PRODUCT_BUNDLE_IDENTIFIER = "Hang.-------Tests";
				PRODUCT_NAME = "$(TARGET_NAME)";
				TEST_HOST = "$(BUILT_PRODUCTS_DIR)/导航栏渐变练习.app/导航栏渐变练习";
			};
			name = Release;
		};
		A9E6995A1E25DA1100478D77 /* Debug */ = {
			isa = XCBuildConfiguration;
			buildSettings = {
				INFOPLIST_FILE = "导航栏渐变练习UITests/Info.plist";
				LD_RUNPATH_SEARCH_PATHS = "$(inherited) @executable_path/Frameworks @loader_path/Frameworks";
				PRODUCT_BUNDLE_IDENTIFIER = "Hang.-------UITests";
				PRODUCT_NAME = "$(TARGET_NAME)";
				TEST_TARGET_NAME = "导航栏渐变练习";
			};
			name = Debug;
		};
		A9E6995B1E25DA1100478D77 /* Release */ = {
			isa = XCBuildConfiguration;
			buildSettings = {
				INFOPLIST_FILE = "导航栏渐变练习UITests/Info.plist";
				LD_RUNPATH_SEARCH_PATHS = "$(inherited) @executable_path/Frameworks @loader_path/Frameworks";
				PRODUCT_BUNDLE_IDENTIFIER = "Hang.-------UITests";
				PRODUCT_NAME = "$(TARGET_NAME)";
				TEST_TARGET_NAME = "导航栏渐变练习";
			};
			name = Release;
		};
/* End XCBuildConfiguration section */

/* Begin XCConfigurationList section */
		A9E699211E25DA1100478D77 /* Build configuration list for PBXProject "导航栏渐变练习" */ = {
			isa = XCConfigurationList;
			buildConfigurations = (
				A9E699511E25DA1100478D77 /* Debug */,
				A9E699521E25DA1100478D77 /* Release */,
			);
			defaultConfigurationIsVisible = 0;
			defaultConfigurationName = Release;
		};
		A9E699531E25DA1100478D77 /* Build configuration list for PBXNativeTarget "导航栏渐变练习" */ = {
			isa = XCConfigurationList;
			buildConfigurations = (
				A9E699541E25DA1100478D77 /* Debug */,
				A9E699551E25DA1100478D77 /* Release */,
			);
			defaultConfigurationIsVisible = 0;
		};
		A9E699561E25DA1100478D77 /* Build configuration list for PBXNativeTarget "导航栏渐变练习Tests" */ = {
			isa = XCConfigurationList;
			buildConfigurations = (
				A9E699571E25DA1100478D77 /* Debug */,
				A9E699581E25DA1100478D77 /* Release */,
			);
			defaultConfigurationIsVisible = 0;
		};
		A9E699591E25DA1100478D77 /* Build configuration list for PBXNativeTarget "导航栏渐变练习UITests" */ = {
			isa = XCConfigurationList;
			buildConfigurations = (
				A9E6995A1E25DA1100478D77 /* Debug */,
				A9E6995B1E25DA1100478D77 /* Release */,
			);
			defaultConfigurationIsVisible = 0;
		};
/* End XCConfigurationList section */
	};
	rootObject = A9E6991E1E25DA1100478D77 /* Project object */;
}
