// !$*UTF8*$!
{
	archiveVersion = 1;
	classes = {
	};
	objectVersion = 46;
	objects = {

/* Begin PBXBuildFile section */
		A93469C51E2F064B0039D4F8 /* main.m in Sources */ = {isa = PBXBuildFile; fileRef = A93469C41E2F064B0039D4F8 /* main.m */; };
		A93469C81E2F064B0039D4F8 /* AppDelegate.m in Sources */ = {isa = PBXBuildFile; fileRef = A93469C71E2F064B0039D4F8 /* AppDelegate.m */; };
		A93469CB1E2F064B0039D4F8 /* ViewController.m in Sources */ = {isa = PBXBuildFile; fileRef = A93469CA1E2F064B0039D4F8 /* ViewController.m */; };
		A93469CE1E2F064B0039D4F8 /* Main.storyboard in Resources */ = {isa = PBXBuildFile; fileRef = A93469CC1E2F064B0039D4F8 /* Main.storyboard */; };
		A93469D01E2F064B0039D4F8 /* Assets.xcassets in Resources */ = {isa = PBXBuildFile; fileRef = A93469CF1E2F064B0039D4F8 /* Assets.xcassets */; };
		A93469D31E2F064B0039D4F8 /* LaunchScreen.storyboard in Resources */ = {isa = PBXBuildFile; fileRef = A93469D11E2F064B0039D4F8 /* LaunchScreen.storyboard */; };
		A93469DE1E2F064B0039D4F8 /* ____Tests.m in Sources */ = {isa = PBXBuildFile; fileRef = A93469DD1E2F064B0039D4F8 /* ____Tests.m */; };
		A93469E91E2F064B0039D4F8 /* ____UITests.m in Sources */ = {isa = PBXBuildFile; fileRef = A93469E81E2F064B0039D4F8 /* ____UITests.m */; };
		A93469FC1E2F0D850039D4F8 /* HDRandomView.m in Sources */ = {isa = PBXBuildFile; fileRef = A93469FB1E2F0D850039D4F8 /* HDRandomView.m */; };
/* End PBXBuildFile section */

/* Begin PBXContainerItemProxy section */
		A93469DA1E2F064B0039D4F8 /* PBXContainerItemProxy */ = {
			isa = PBXContainerItemProxy;
			containerPortal = A93469B81E2F064B0039D4F8 /* Project object */;
			proxyType = 1;
			remoteGlobalIDString = A93469BF1E2F064B0039D4F8;
			remoteInfo = "圆中有圆";
		};
		A93469E51E2F064B0039D4F8 /* PBXContainerItemProxy */ = {
			isa = PBXContainerItemProxy;
			containerPortal = A93469B81E2F064B0039D4F8 /* Project object */;
			proxyType = 1;
			remoteGlobalIDString = A93469BF1E2F064B0039D4F8;
			remoteInfo = "圆中有圆";
		};
/* End PBXContainerItemProxy section */

/* Begin PBXFileReference section */
		A93469C01E2F064B0039D4F8 /* 圆中有圆.app */ = {isa = PBXFileReference; explicitFileType = wrapper.application; includeInIndex = 0; path = "圆中有圆.app"; sourceTree = BUILT_PRODUCTS_DIR; };
		A93469C41E2F064B0039D4F8 /* main.m */ = {isa = PBXFileReference; lastKnownFileType = sourcecode.c.objc; path = main.m; sourceTree = "<group>"; };
		A93469C61E2F064B0039D4F8 /* AppDelegate.h */ = {isa = PBXFileReference; lastKnownFileType = sourcecode.c.h; path = AppDelegate.h; sourceTree = "<group>"; };
		A93469C71E2F064B0039D4F8 /* AppDelegate.m */ = {isa = PBXFileReference; lastKnownFileType = sourcecode.c.objc; path = AppDelegate.m; sourceTree = "<group>"; };
		A93469C91E2F064B0039D4F8 /* ViewController.h */ = {isa = PBXFileReference; lastKnownFileType = sourcecode.c.h; path = ViewController.h; sourceTree = "<group>"; };
		A93469CA1E2F064B0039D4F8 /* ViewController.m */ = {isa = PBXFileReference; lastKnownFileType = sourcecode.c.objc; path = ViewController.m; sourceTree = "<group>"; };
		A93469CD1E2F064B0039D4F8 /* Base */ = {isa = PBXFileReference; lastKnownFileType = file.storyboard; name = Base; path = Base.lproj/Main.storyboard; sourceTree = "<group>"; };
		A93469CF1E2F064B0039D4F8 /* Assets.xcassets */ = {isa = PBXFileReference; lastKnownFileType = folder.assetcatalog; path = Assets.xcassets; sourceTree = "<group>"; };
		A93469D21E2F064B0039D4F8 /* Base */ = {isa = PBXFileReference; lastKnownFileType = file.storyboard; name = Base; path = Base.lproj/LaunchScreen.storyboard; sourceTree = "<group>"; };
		A93469D41E2F064B0039D4F8 /* Info.plist */ = {isa = PBXFileReference; lastKnownFileType = text.plist.xml; path = Info.plist; sourceTree = "<group>"; };
		A93469D91E2F064B0039D4F8 /* 圆中有圆Tests.xctest */ = {isa = PBXFileReference; explicitFileType = wrapper.cfbundle; includeInIndex = 0; path = "圆中有圆Tests.xctest"; sourceTree = BUILT_PRODUCTS_DIR; };
		A93469DD1E2F064B0039D4F8 /* ____Tests.m */ = {isa = PBXFileReference; lastKnownFileType = sourcecode.c.objc; path = "____Tests.m"; sourceTree = "<group>"; };
		A93469DF1E2F064B0039D4F8 /* Info.plist */ = {isa = PBXFileReference; lastKnownFileType = text.plist.xml; path = Info.plist; sourceTree = "<group>"; };
		A93469E41E2F064B0039D4F8 /* 圆中有圆UITests.xctest */ = {isa = PBXFileReference; explicitFileType = wrapper.cfbundle; includeInIndex = 0; path = "圆中有圆UITests.xctest"; sourceTree = BUILT_PRODUCTS_DIR; };
		A93469E81E2F064B0039D4F8 /* ____UITests.m */ = {isa = PBXFileReference; lastKnownFileType = sourcecode.c.objc; path = "____UITests.m"; sourceTree = "<group>"; };
		A93469EA1E2F064B0039D4F8 /* Info.plist */ = {isa = PBXFileReference; lastKnownFileType = text.plist.xml; path = Info.plist; sourceTree = "<group>"; };
		A93469FA1E2F0D850039D4F8 /* HDRandomView.h */ = {isa = PBXFileReference; fileEncoding = 4; lastKnownFileType = sourcecode.c.h; path = HDRandomView.h; sourceTree = "<group>"; };
		A93469FB1E2F0D850039D4F8 /* HDRandomView.m */ = {isa = PBXFileReference; fileEncoding = 4; lastKnownFileType = sourcecode.c.objc; path = HDRandomView.m; sourceTree = "<group>"; };
/* End PBXFileReference section */

/* Begin PBXFrameworksBuildPhase section */
		A93469BD1E2F064B0039D4F8 /* Frameworks */ = {
			isa = PBXFrameworksBuildPhase;
			buildActionMask = 2147483647;
			files = (
			);
			runOnlyForDeploymentPostprocessing = 0;
		};
		A93469D61E2F064B0039D4F8 /* Frameworks */ = {
			isa = PBXFrameworksBuildPhase;
			buildActionMask = 2147483647;
			files = (
			);
			runOnlyForDeploymentPostprocessing = 0;
		};
		A93469E11E2F064B0039D4F8 /* Frameworks */ = {
			isa = PBXFrameworksBuildPhase;
			buildActionMask = 2147483647;
			files = (
			);
			runOnlyForDeploymentPostprocessing = 0;
		};
/* End PBXFrameworksBuildPhase section */

/* Begin PBXGroup section */
		A93469B71E2F064B0039D4F8 = {
			isa = PBXGroup;
			children = (
				A93469C21E2F064B0039D4F8 /* 圆中有圆 */,
				A93469DC1E2F064B0039D4F8 /* 圆中有圆Tests */,
				A93469E71E2F064B0039D4F8 /* 圆中有圆UITests */,
				A93469C11E2F064B0039D4F8 /* Products */,
			);
			sourceTree = "<group>";
		};
		A93469C11E2F064B0039D4F8 /* Products */ = {
			isa = PBXGroup;
			children = (
				A93469C01E2F064B0039D4F8 /* 圆中有圆.app */,
				A93469D91E2F064B0039D4F8 /* 圆中有圆Tests.xctest */,
				A93469E41E2F064B0039D4F8 /* 圆中有圆UITests.xctest */,
			);
			name = Products;
			sourceTree = "<group>";
		};
		A93469C21E2F064B0039D4F8 /* 圆中有圆 */ = {
			isa = PBXGroup;
			children = (
				A93469C61E2F064B0039D4F8 /* AppDelegate.h */,
				A93469C71E2F064B0039D4F8 /* AppDelegate.m */,
				A93469C91E2F064B0039D4F8 /* ViewController.h */,
				A93469CA1E2F064B0039D4F8 /* ViewController.m */,
				A93469F61E2F0BCB0039D4F8 /* HDRandomView */,
				A93469C31E2F064B0039D4F8 /* Supporting Files */,
			);
			path = "圆中有圆";
			sourceTree = "<group>";
		};
		A93469C31E2F064B0039D4F8 /* Supporting Files */ = {
			isa = PBXGroup;
			children = (
				A93469CC1E2F064B0039D4F8 /* Main.storyboard */,
				A93469CF1E2F064B0039D4F8 /* Assets.xcassets */,
				A93469D11E2F064B0039D4F8 /* LaunchScreen.storyboard */,
				A93469D41E2F064B0039D4F8 /* Info.plist */,
				A93469C41E2F064B0039D4F8 /* main.m */,
			);
			name = "Supporting Files";
			sourceTree = "<group>";
		};
		A93469DC1E2F064B0039D4F8 /* 圆中有圆Tests */ = {
			isa = PBXGroup;
			children = (
				A93469DD1E2F064B0039D4F8 /* ____Tests.m */,
				A93469DF1E2F064B0039D4F8 /* Info.plist */,
			);
			path = "圆中有圆Tests";
			sourceTree = "<group>";
		};
		A93469E71E2F064B0039D4F8 /* 圆中有圆UITests */ = {
			isa = PBXGroup;
			children = (
				A93469E81E2F064B0039D4F8 /* ____UITests.m */,
				A93469EA1E2F064B0039D4F8 /* Info.plist */,
			);
			path = "圆中有圆UITests";
			sourceTree = "<group>";
		};
		A93469F61E2F0BCB0039D4F8 /* HDRandomView */ = {
			isa = PBXGroup;
			children = (
				A93469FA1E2F0D850039D4F8 /* HDRandomView.h */,
				A93469FB1E2F0D850039D4F8 /* HDRandomView.m */,
			);
			name = HDRandomView;
			sourceTree = "<group>";
		};
/* End PBXGroup section */

/* Begin PBXNativeTarget section */
		A93469BF1E2F064B0039D4F8 /* 圆中有圆 */ = {
			isa = PBXNativeTarget;
			buildConfigurationList = A93469ED1E2F064B0039D4F8 /* Build configuration list for PBXNativeTarget "圆中有圆" */;
			buildPhases = (
				A93469BC1E2F064B0039D4F8 /* Sources */,
				A93469BD1E2F064B0039D4F8 /* Frameworks */,
				A93469BE1E2F064B0039D4F8 /* Resources */,
			);
			buildRules = (
			);
			dependencies = (
			);
			name = "圆中有圆";
			productName = "圆中有圆";
			productReference = A93469C01E2F064B0039D4F8 /* 圆中有圆.app */;
			productType = "com.apple.product-type.application";
		};
		A93469D81E2F064B0039D4F8 /* 圆中有圆Tests */ = {
			isa = PBXNativeTarget;
			buildConfigurationList = A93469F01E2F064B0039D4F8 /* Build configuration list for PBXNativeTarget "圆中有圆Tests" */;
			buildPhases = (
				A93469D51E2F064B0039D4F8 /* Sources */,
				A93469D61E2F064B0039D4F8 /* Frameworks */,
				A93469D71E2F064B0039D4F8 /* Resources */,
			);
			buildRules = (
			);
			dependencies = (
				A93469DB1E2F064B0039D4F8 /* PBXTargetDependency */,
			);
			name = "圆中有圆Tests";
			productName = "圆中有圆Tests";
			productReference = A93469D91E2F064B0039D4F8 /* 圆中有圆Tests.xctest */;
			productType = "com.apple.product-type.bundle.unit-test";
		};
		A93469E31E2F064B0039D4F8 /* 圆中有圆UITests */ = {
			isa = PBXNativeTarget;
			buildConfigurationList = A93469F31E2F064B0039D4F8 /* Build configuration list for PBXNativeTarget "圆中有圆UITests" */;
			buildPhases = (
				A93469E01E2F064B0039D4F8 /* Sources */,
				A93469E11E2F064B0039D4F8 /* Frameworks */,
				A93469E21E2F064B0039D4F8 /* Resources */,
			);
			buildRules = (
			);
			dependencies = (
				A93469E61E2F064B0039D4F8 /* PBXTargetDependency */,
			);
			name = "圆中有圆UITests";
			productName = "圆中有圆UITests";
			productReference = A93469E41E2F064B0039D4F8 /* 圆中有圆UITests.xctest */;
			productType = "com.apple.product-type.bundle.ui-testing";
		};
/* End PBXNativeTarget section */

/* Begin PBXProject section */
		A93469B81E2F064B0039D4F8 /* Project object */ = {
			isa = PBXProject;
			attributes = {
				LastUpgradeCheck = 0820;
				ORGANIZATIONNAME = jczj;
				TargetAttributes = {
					A93469BF1E2F064B0039D4F8 = {
						CreatedOnToolsVersion = 8.2.1;
						DevelopmentTeam = 37YHYG6DJ4;
						ProvisioningStyle = Automatic;
					};
					A93469D81E2F064B0039D4F8 = {
						CreatedOnToolsVersion = 8.2.1;
						ProvisioningStyle = Automatic;
						TestTargetID = A93469BF1E2F064B0039D4F8;
					};
					A93469E31E2F064B0039D4F8 = {
						CreatedOnToolsVersion = 8.2.1;
						ProvisioningStyle = Automatic;
						TestTargetID = A93469BF1E2F064B0039D4F8;
					};
				};
			};
			buildConfigurationList = A93469BB1E2F064B0039D4F8 /* Build configuration list for PBXProject "圆中有圆" */;
			compatibilityVersion = "Xcode 3.2";
			developmentRegion = English;
			hasScannedForEncodings = 0;
			knownRegions = (
				en,
				Base,
			);
			mainGroup = A93469B71E2F064B0039D4F8;
			productRefGroup = A93469C11E2F064B0039D4F8 /* Products */;
			projectDirPath = "";
			projectRoot = "";
			targets = (
				A93469BF1E2F064B0039D4F8 /* 圆中有圆 */,
				A93469D81E2F064B0039D4F8 /* 圆中有圆Tests */,
				A93469E31E2F064B0039D4F8 /* 圆中有圆UITests */,
			);
		};
/* End PBXProject section */

/* Begin PBXResourcesBuildPhase section */
		A93469BE1E2F064B0039D4F8 /* Resources */ = {
			isa = PBXResourcesBuildPhase;
			buildActionMask = 2147483647;
			files = (
				A93469D31E2F064B0039D4F8 /* LaunchScreen.storyboard in Resources */,
				A93469D01E2F064B0039D4F8 /* Assets.xcassets in Resources */,
				A93469CE1E2F064B0039D4F8 /* Main.storyboard in Resources */,
			);
			runOnlyForDeploymentPostprocessing = 0;
		};
		A93469D71E2F064B0039D4F8 /* Resources */ = {
			isa = PBXResourcesBuildPhase;
			buildActionMask = 2147483647;
			files = (
			);
			runOnlyForDeploymentPostprocessing = 0;
		};
		A93469E21E2F064B0039D4F8 /* Resources */ = {
			isa = PBXResourcesBuildPhase;
			buildActionMask = 2147483647;
			files = (
			);
			runOnlyForDeploymentPostprocessing = 0;
		};
/* End PBXResourcesBuildPhase section */

/* Begin PBXSourcesBuildPhase section */
		A93469BC1E2F064B0039D4F8 /* Sources */ = {
			isa = PBXSourcesBuildPhase;
			buildActionMask = 2147483647;
			files = (
				A93469CB1E2F064B0039D4F8 /* ViewController.m in Sources */,
				A93469FC1E2F0D850039D4F8 /* HDRandomView.m in Sources */,
				A93469C81E2F064B0039D4F8 /* AppDelegate.m in Sources */,
				A93469C51E2F064B0039D4F8 /* main.m in Sources */,
			);
			runOnlyForDeploymentPostprocessing = 0;
		};
		A93469D51E2F064B0039D4F8 /* Sources */ = {
			isa = PBXSourcesBuildPhase;
			buildActionMask = 2147483647;
			files = (
				A93469DE1E2F064B0039D4F8 /* ____Tests.m in Sources */,
			);
			runOnlyForDeploymentPostprocessing = 0;
		};
		A93469E01E2F064B0039D4F8 /* Sources */ = {
			isa = PBXSourcesBuildPhase;
			buildActionMask = 2147483647;
			files = (
				A93469E91E2F064B0039D4F8 /* ____UITests.m in Sources */,
			);
			runOnlyForDeploymentPostprocessing = 0;
		};
/* End PBXSourcesBuildPhase section */

/* Begin PBXTargetDependency section */
		A93469DB1E2F064B0039D4F8 /* PBXTargetDependency */ = {
			isa = PBXTargetDependency;
			target = A93469BF1E2F064B0039D4F8 /* 圆中有圆 */;
			targetProxy = A93469DA1E2F064B0039D4F8 /* PBXContainerItemProxy */;
		};
		A93469E61E2F064B0039D4F8 /* PBXTargetDependency */ = {
			isa = PBXTargetDependency;
			target = A93469BF1E2F064B0039D4F8 /* 圆中有圆 */;
			targetProxy = A93469E51E2F064B0039D4F8 /* PBXContainerItemProxy */;
		};
/* End PBXTargetDependency section */

/* Begin PBXVariantGroup section */
		A93469CC1E2F064B0039D4F8 /* Main.storyboard */ = {
			isa = PBXVariantGroup;
			children = (
				A93469CD1E2F064B0039D4F8 /* Base */,
			);
			name = Main.storyboard;
			sourceTree = "<group>";
		};
		A93469D11E2F064B0039D4F8 /* LaunchScreen.storyboard */ = {
			isa = PBXVariantGroup;
			children = (
				A93469D21E2F064B0039D4F8 /* Base */,
			);
			name = LaunchScreen.storyboard;
			sourceTree = "<group>";
		};
/* End PBXVariantGroup section */

/* Begin XCBuildConfiguration section */
		A93469EB1E2F064B0039D4F8 /* Debug */ = {
			isa = XCBuildConfiguration;
			buildSettings = {
				ALWAYS_SEARCH_USER_PATHS = NO;
				CLANG_ANALYZER_NONNULL = YES;
				CLANG_CXX_LANGUAGE_STANDARD = "gnu++0x";
				CLANG_CXX_LIBRARY = "libc++";
				CLANG_ENABLE_MODULES = YES;
				CLANG_ENABLE_OBJC_ARC = YES;
				CLANG_WARN_BOOL_CONVERSION = YES;
				CLANG_WARN_CONSTANT_CONVERSION = YES;
				CLANG_WARN_DIRECT_OBJC_ISA_USAGE = YES_ERROR;
				CLANG_WARN_DOCUMENTATION_COMMENTS = YES;
				CLANG_WARN_EMPTY_BODY = YES;
				CLANG_WARN_ENUM_CONVERSION = YES;
				CLANG_WARN_INFINITE_RECURSION = YES;
				CLANG_WARN_INT_CONVERSION = YES;
				CLANG_WARN_OBJC_ROOT_CLASS = YES_ERROR;
				CLANG_WARN_SUSPICIOUS_MOVE = YES;
				CLANG_WARN_UNREACHABLE_CODE = YES;
				CLANG_WARN__DUPLICATE_METHOD_MATCH = YES;
				"CODE_SIGN_IDENTITY[sdk=iphoneos*]" = "iPhone Developer";
				COPY_PHASE_STRIP = NO;
				DEBUG_INFORMATION_FORMAT = dwarf;
				ENABLE_STRICT_OBJC_MSGSEND = YES;
				ENABLE_TESTABILITY = YES;
				GCC_C_LANGUAGE_STANDARD = gnu99;
				GCC_DYNAMIC_NO_PIC = NO;
				GCC_NO_COMMON_BLOCKS = YES;
				GCC_OPTIMIZATION_LEVEL = 0;
				GCC_PREPROCESSOR_DEFINITIONS = (
					"DEBUG=1",
					"$(inherited)",
				);
				GCC_WARN_64_TO_32_BIT_CONVERSION = YES;
				GCC_WARN_ABOUT_RETURN_TYPE = YES_ERROR;
				GCC_WARN_UNDECLARED_SELECTOR = YES;
				GCC_WARN_UNINITIALIZED_AUTOS = YES_AGGRESSIVE;
				GCC_WARN_UNUSED_FUNCTION = YES;
				GCC_WARN_UNUSED_VARIABLE = YES;
				IPHONEOS_DEPLOYMENT_TARGET = 10.2;
				MTL_ENABLE_DEBUG_INFO = YES;
				ONLY_ACTIVE_ARCH = YES;
				SDKROOT = iphoneos;
				TARGETED_DEVICE_FAMILY = "1,2";
			};
			name = Debug;
		};
		A93469EC1E2F064B0039D4F8 /* Release */ = {
			isa = XCBuildConfiguration;
			buildSettings = {
				ALWAYS_SEARCH_USER_PATHS = NO;
				CLANG_ANALYZER_NONNULL = YES;
				CLANG_CXX_LANGUAGE_STANDARD = "gnu++0x";
				CLANG_CXX_LIBRARY = "libc++";
				CLANG_ENABLE_MODULES = YES;
				CLANG_ENABLE_OBJC_ARC = YES;
				CLANG_WARN_BOOL_CONVERSION = YES;
				CLANG_WARN_CONSTANT_CONVERSION = YES;
				CLANG_WARN_DIRECT_OBJC_ISA_USAGE = YES_ERROR;
				CLANG_WARN_DOCUMENTATION_COMMENTS = YES;
				CLANG_WARN_EMPTY_BODY = YES;
				CLANG_WARN_ENUM_CONVERSION = YES;
				CLANG_WARN_INFINITE_RECURSION = YES;
				CLANG_WARN_INT_CONVERSION = YES;
				CLANG_WARN_OBJC_ROOT_CLASS = YES_ERROR;
				CLANG_WARN_SUSPICIOUS_MOVE = YES;
				CLANG_WARN_UNREACHABLE_CODE = YES;
				CLANG_WARN__DUPLICATE_METHOD_MATCH = YES;
				"CODE_SIGN_IDENTITY[sdk=iphoneos*]" = "iPhone Developer";
				COPY_PHASE_STRIP = NO;
				DEBUG_INFORMATION_FORMAT = "dwarf-with-dsym";
				ENABLE_NS_ASSERTIONS = NO;
				ENABLE_STRICT_OBJC_MSGSEND = YES;
				GCC_C_LANGUAGE_STANDARD = gnu99;
				GCC_NO_COMMON_BLOCKS = YES;
				GCC_WARN_64_TO_32_BIT_CONVERSION = YES;
				GCC_WARN_ABOUT_RETURN_TYPE = YES_ERROR;
				GCC_WARN_UNDECLARED_SELECTOR = YES;
				GCC_WARN_UNINITIALIZED_AUTOS = YES_AGGRESSIVE;
				GCC_WARN_UNUSED_FUNCTION = YES;
				GCC_WARN_UNUSED_VARIABLE = YES;
				IPHONEOS_DEPLOYMENT_TARGET = 10.2;
				MTL_ENABLE_DEBUG_INFO = NO;
				SDKROOT = iphoneos;
				TARGETED_DEVICE_FAMILY = "1,2";
				VALIDATE_PRODUCT = YES;
			};
			name = Release;
		};
		A93469EE1E2F064B0039D4F8 /* Debug */ = {
			isa = XCBuildConfiguration;
			buildSettings = {
				ASSETCATALOG_COMPILER_APPICON_NAME = AppIcon;
				DEVELOPMENT_TEAM = 37YHYG6DJ4;
				INFOPLIST_FILE = "圆中有圆/Info.plist";
				LD_RUNPATH_SEARCH_PATHS = "$(inherited) @executable_path/Frameworks";
				PRODUCT_BUNDLE_IDENTIFIER = "Hang.----";
				PRODUCT_NAME = "$(TARGET_NAME)";
			};
			name = Debug;
		};
		A93469EF1E2F064B0039D4F8 /* Release */ = {
			isa = XCBuildConfiguration;
			buildSettings = {
				ASSETCATALOG_COMPILER_APPICON_NAME = AppIcon;
				DEVELOPMENT_TEAM = 37YHYG6DJ4;
				INFOPLIST_FILE = "圆中有圆/Info.plist";
				LD_RUNPATH_SEARCH_PATHS = "$(inherited) @executable_path/Frameworks";
				PRODUCT_BUNDLE_IDENTIFIER = "Hang.----";
				PRODUCT_NAME = "$(TARGET_NAME)";
			};
			name = Release;
		};
		A93469F11E2F064B0039D4F8 /* Debug */ = {
			isa = XCBuildConfiguration;
			buildSettings = {
				BUNDLE_LOADER = "$(TEST_HOST)";
				INFOPLIST_FILE = "圆中有圆Tests/Info.plist";
				LD_RUNPATH_SEARCH_PATHS = "$(inherited) @executable_path/Frameworks @loader_path/Frameworks";
				PRODUCT_BUNDLE_IDENTIFIER = "Hang.----Tests";
				PRODUCT_NAME = "$(TARGET_NAME)";
				TEST_HOST = "$(BUILT_PRODUCTS_DIR)/圆中有圆.app/圆中有圆";
			};
			name = Debug;
		};
		A93469F21E2F064B0039D4F8 /* Release */ = {
			isa = XCBuildConfiguration;
			buildSettings = {
				BUNDLE_LOADER = "$(TEST_HOST)";
				INFOPLIST_FILE = "圆中有圆Tests/Info.plist";
				LD_RUNPATH_SEARCH_PATHS = "$(inherited) @executable_path/Frameworks @loader_path/Frameworks";
				PRODUCT_BUNDLE_IDENTIFIER = "Hang.----Tests";
				PRODUCT_NAME = "$(TARGET_NAME)";
				TEST_HOST = "$(BUILT_PRODUCTS_DIR)/圆中有圆.app/圆中有圆";
			};
			name = Release;
		};
		A93469F41E2F064B0039D4F8 /* Debug */ = {
			isa = XCBuildConfiguration;
			buildSettings = {
				INFOPLIST_FILE = "圆中有圆UITests/Info.plist";
				LD_RUNPATH_SEARCH_PATHS = "$(inherited) @executable_path/Frameworks @loader_path/Frameworks";
				PRODUCT_BUNDLE_IDENTIFIER = "Hang.----UITests";
				PRODUCT_NAME = "$(TARGET_NAME)";
				TEST_TARGET_NAME = "圆中有圆";
			};
			name = Debug;
		};
		A93469F51E2F064B0039D4F8 /* Release */ = {
			isa = XCBuildConfiguration;
			buildSettings = {
				INFOPLIST_FILE = "圆中有圆UITests/Info.plist";
				LD_RUNPATH_SEARCH_PATHS = "$(inherited) @executable_path/Frameworks @loader_path/Frameworks";
				PRODUCT_BUNDLE_IDENTIFIER = "Hang.----UITests";
				PRODUCT_NAME = "$(TARGET_NAME)";
				TEST_TARGET_NAME = "圆中有圆";
			};
			name = Release;
		};
/* End XCBuildConfiguration section */

/* Begin XCConfigurationList section */
		A93469BB1E2F064B0039D4F8 /* Build configuration list for PBXProject "圆中有圆" */ = {
			isa = XCConfigurationList;
			buildConfigurations = (
				A93469EB1E2F064B0039D4F8 /* Debug */,
				A93469EC1E2F064B0039D4F8 /* Release */,
			);
			defaultConfigurationIsVisible = 0;
			defaultConfigurationName = Release;
		};
		A93469ED1E2F064B0039D4F8 /* Build configuration list for PBXNativeTarget "圆中有圆" */ = {
			isa = XCConfigurationList;
			buildConfigurations = (
				A93469EE1E2F064B0039D4F8 /* Debug */,
				A93469EF1E2F064B0039D4F8 /* Release */,
			);
			defaultConfigurationIsVisible = 0;
		};
		A93469F01E2F064B0039D4F8 /* Build configuration list for PBXNativeTarget "圆中有圆Tests" */ = {
			isa = XCConfigurationList;
			buildConfigurations = (
				A93469F11E2F064B0039D4F8 /* Debug */,
				A93469F21E2F064B0039D4F8 /* Release */,
			);
			defaultConfigurationIsVisible = 0;
		};
		A93469F31E2F064B0039D4F8 /* Build configuration list for PBXNativeTarget "圆中有圆UITests" */ = {
			isa = XCConfigurationList;
			buildConfigurations = (
				A93469F41E2F064B0039D4F8 /* Debug */,
				A93469F51E2F064B0039D4F8 /* Release */,
			);
			defaultConfigurationIsVisible = 0;
		};
/* End XCConfigurationList section */
	};
	rootObject = A93469B81E2F064B0039D4F8 /* Project object */;
}
