// !$*UTF8*$!
{
	archiveVersion = 1;
	classes = {
	};
	objectVersion = 50;
	objects = {

/* Begin PBXBuildFile section */
		4E7B0112245169C2000FD5BD /* AppDelegate.m in Sources */ = {isa = PBXBuildFile; fileRef = 4E7B0111245169C2000FD5BD /* AppDelegate.m */; };
		4E7B0115245169C2000FD5BD /* SceneDelegate.m in Sources */ = {isa = PBXBuildFile; fileRef = 4E7B0114245169C2000FD5BD /* SceneDelegate.m */; };
		4E7B0118245169C2000FD5BD /* ViewController.m in Sources */ = {isa = PBXBuildFile; fileRef = 4E7B0117245169C2000FD5BD /* ViewController.m */; };
		4E7B011B245169C2000FD5BD /* Main.storyboard in Resources */ = {isa = PBXBuildFile; fileRef = 4E7B0119245169C2000FD5BD /* Main.storyboard */; };
		4E7B011D245169C5000FD5BD /* Assets.xcassets in Resources */ = {isa = PBXBuildFile; fileRef = 4E7B011C245169C5000FD5BD /* Assets.xcassets */; };
		4E7B0120245169C5000FD5BD /* LaunchScreen.storyboard in Resources */ = {isa = PBXBuildFile; fileRef = 4E7B011E245169C5000FD5BD /* LaunchScreen.storyboard */; };
		4E7B0123245169C5000FD5BD /* main.m in Sources */ = {isa = PBXBuildFile; fileRef = 4E7B0122245169C5000FD5BD /* main.m */; };
/* End PBXBuildFile section */

/* Begin PBXFileReference section */
		4E7B010D245169C2000FD5BD /* 日历P.app */ = {isa = PBXFileReference; explicitFileType = wrapper.application; includeInIndex = 0; path = "日历P.app"; sourceTree = BUILT_PRODUCTS_DIR; };
		4E7B0110245169C2000FD5BD /* AppDelegate.h */ = {isa = PBXFileReference; lastKnownFileType = sourcecode.c.h; path = AppDelegate.h; sourceTree = "<group>"; };
		4E7B0111245169C2000FD5BD /* AppDelegate.m */ = {isa = PBXFileReference; lastKnownFileType = sourcecode.c.objc; path = AppDelegate.m; sourceTree = "<group>"; };
		4E7B0113245169C2000FD5BD /* SceneDelegate.h */ = {isa = PBXFileReference; lastKnownFileType = sourcecode.c.h; path = SceneDelegate.h; sourceTree = "<group>"; };
		4E7B0114245169C2000FD5BD /* SceneDelegate.m */ = {isa = PBXFileReference; lastKnownFileType = sourcecode.c.objc; path = SceneDelegate.m; sourceTree = "<group>"; };
		4E7B0116245169C2000FD5BD /* ViewController.h */ = {isa = PBXFileReference; lastKnownFileType = sourcecode.c.h; path = ViewController.h; sourceTree = "<group>"; };
		4E7B0117245169C2000FD5BD /* ViewController.m */ = {isa = PBXFileReference; lastKnownFileType = sourcecode.c.objc; path = ViewController.m; sourceTree = "<group>"; };
		4E7B011A245169C2000FD5BD /* Base */ = {isa = PBXFileReference; lastKnownFileType = file.storyboard; name = Base; path = Base.lproj/Main.storyboard; sourceTree = "<group>"; };
		4E7B011C245169C5000FD5BD /* Assets.xcassets */ = {isa = PBXFileReference; lastKnownFileType = folder.assetcatalog; path = Assets.xcassets; sourceTree = "<group>"; };
		4E7B011F245169C5000FD5BD /* Base */ = {isa = PBXFileReference; lastKnownFileType = file.storyboard; name = Base; path = Base.lproj/LaunchScreen.storyboard; sourceTree = "<group>"; };
		4E7B0121245169C5000FD5BD /* Info.plist */ = {isa = PBXFileReference; lastKnownFileType = text.plist.xml; path = Info.plist; sourceTree = "<group>"; };
		4E7B0122245169C5000FD5BD /* main.m */ = {isa = PBXFileReference; lastKnownFileType = sourcecode.c.objc; path = main.m; sourceTree = "<group>"; };
/* End PBXFileReference section */

/* Begin PBXFrameworksBuildPhase section */
		4E7B010A245169C2000FD5BD /* Frameworks */ = {
			isa = PBXFrameworksBuildPhase;
			buildActionMask = 2147483647;
			files = (
			);
			runOnlyForDeploymentPostprocessing = 0;
		};
/* End PBXFrameworksBuildPhase section */

/* Begin PBXGroup section */
		4E7B0104245169C2000FD5BD = {
			isa = PBXGroup;
			children = (
				4E7B010F245169C2000FD5BD /* 日历P */,
				4E7B010E245169C2000FD5BD /* Products */,
			);
			sourceTree = "<group>";
		};
		4E7B010E245169C2000FD5BD /* Products */ = {
			isa = PBXGroup;
			children = (
				4E7B010D245169C2000FD5BD /* 日历P.app */,
			);
			name = Products;
			sourceTree = "<group>";
		};
		4E7B010F245169C2000FD5BD /* 日历P */ = {
			isa = PBXGroup;
			children = (
				4E7B0110245169C2000FD5BD /* AppDelegate.h */,
				4E7B0111245169C2000FD5BD /* AppDelegate.m */,
				4E7B0113245169C2000FD5BD /* SceneDelegate.h */,
				4E7B0114245169C2000FD5BD /* SceneDelegate.m */,
				4E7B0116245169C2000FD5BD /* ViewController.h */,
				4E7B0117245169C2000FD5BD /* ViewController.m */,
				4E7B0119245169C2000FD5BD /* Main.storyboard */,
				4E7B011C245169C5000FD5BD /* Assets.xcassets */,
				4E7B011E245169C5000FD5BD /* LaunchScreen.storyboard */,
				4E7B0121245169C5000FD5BD /* Info.plist */,
				4E7B0122245169C5000FD5BD /* main.m */,
			);
			path = "日历P";
			sourceTree = "<group>";
		};
/* End PBXGroup section */

/* Begin PBXNativeTarget section */
		4E7B010C245169C2000FD5BD /* 日历P */ = {
			isa = PBXNativeTarget;
			buildConfigurationList = 4E7B0126245169C5000FD5BD /* Build configuration list for PBXNativeTarget "日历P" */;
			buildPhases = (
				4E7B0109245169C2000FD5BD /* Sources */,
				4E7B010A245169C2000FD5BD /* Frameworks */,
				4E7B010B245169C2000FD5BD /* Resources */,
			);
			buildRules = (
			);
			dependencies = (
			);
			name = "日历P";
			productName = "日历P";
			productReference = 4E7B010D245169C2000FD5BD /* 日历P.app */;
			productType = "com.apple.product-type.application";
		};
/* End PBXNativeTarget section */

/* Begin PBXProject section */
		4E7B0105245169C2000FD5BD /* Project object */ = {
			isa = PBXProject;
			attributes = {
				LastUpgradeCheck = 1140;
				ORGANIZATIONNAME = "单车";
				TargetAttributes = {
					4E7B010C245169C2000FD5BD = {
						CreatedOnToolsVersion = 11.4.1;
					};
				};
			};
			buildConfigurationList = 4E7B0108245169C2000FD5BD /* Build configuration list for PBXProject "日历P" */;
			compatibilityVersion = "Xcode 9.3";
			developmentRegion = en;
			hasScannedForEncodings = 0;
			knownRegions = (
				en,
				Base,
			);
			mainGroup = 4E7B0104245169C2000FD5BD;
			productRefGroup = 4E7B010E245169C2000FD5BD /* Products */;
			projectDirPath = "";
			projectRoot = "";
			targets = (
				4E7B010C245169C2000FD5BD /* 日历P */,
			);
		};
/* End PBXProject section */

/* Begin PBXResourcesBuildPhase section */
		4E7B010B245169C2000FD5BD /* Resources */ = {
			isa = PBXResourcesBuildPhase;
			buildActionMask = 2147483647;
			files = (
				4E7B0120245169C5000FD5BD /* LaunchScreen.storyboard in Resources */,
				4E7B011D245169C5000FD5BD /* Assets.xcassets in Resources */,
				4E7B011B245169C2000FD5BD /* Main.storyboard in Resources */,
			);
			runOnlyForDeploymentPostprocessing = 0;
		};
/* End PBXResourcesBuildPhase section */

/* Begin PBXSourcesBuildPhase section */
		4E7B0109245169C2000FD5BD /* Sources */ = {
			isa = PBXSourcesBuildPhase;
			buildActionMask = 2147483647;
			files = (
				4E7B0118245169C2000FD5BD /* ViewController.m in Sources */,
				4E7B0112245169C2000FD5BD /* AppDelegate.m in Sources */,
				4E7B0123245169C5000FD5BD /* main.m in Sources */,
				4E7B0115245169C2000FD5BD /* SceneDelegate.m in Sources */,
			);
			runOnlyForDeploymentPostprocessing = 0;
		};
/* End PBXSourcesBuildPhase section */

/* Begin PBXVariantGroup section */
		4E7B0119245169C2000FD5BD /* Main.storyboard */ = {
			isa = PBXVariantGroup;
			children = (
				4E7B011A245169C2000FD5BD /* Base */,
			);
			name = Main.storyboard;
			sourceTree = "<group>";
		};
		4E7B011E245169C5000FD5BD /* LaunchScreen.storyboard */ = {
			isa = PBXVariantGroup;
			children = (
				4E7B011F245169C5000FD5BD /* Base */,
			);
			name = LaunchScreen.storyboard;
			sourceTree = "<group>";
		};
/* End PBXVariantGroup section */

/* Begin XCBuildConfiguration section */
		4E7B0124245169C5000FD5BD /* Debug */ = {
			isa = XCBuildConfiguration;
			buildSettings = {
				ALWAYS_SEARCH_USER_PATHS = NO;
				CLANG_ANALYZER_NONNULL = YES;
				CLANG_ANALYZER_NUMBER_OBJECT_CONVERSION = YES_AGGRESSIVE;
				CLANG_CXX_LANGUAGE_STANDARD = "gnu++14";
				CLANG_CXX_LIBRARY = "libc++";
				CLANG_ENABLE_MODULES = YES;
				CLANG_ENABLE_OBJC_ARC = YES;
				CLANG_ENABLE_OBJC_WEAK = YES;
				CLANG_WARN_BLOCK_CAPTURE_AUTORELEASING = YES;
				CLANG_WARN_BOOL_CONVERSION = YES;
				CLANG_WARN_COMMA = YES;
				CLANG_WARN_CONSTANT_CONVERSION = YES;
				CLANG_WARN_DEPRECATED_OBJC_IMPLEMENTATIONS = YES;
				CLANG_WARN_DIRECT_OBJC_ISA_USAGE = YES_ERROR;
				CLANG_WARN_DOCUMENTATION_COMMENTS = YES;
				CLANG_WARN_EMPTY_BODY = YES;
				CLANG_WARN_ENUM_CONVERSION = YES;
				CLANG_WARN_INFINITE_RECURSION = YES;
				CLANG_WARN_INT_CONVERSION = YES;
				CLANG_WARN_NON_LITERAL_NULL_CONVERSION = YES;
				CLANG_WARN_OBJC_IMPLICIT_RETAIN_SELF = YES;
				CLANG_WARN_OBJC_LITERAL_CONVERSION = YES;
				CLANG_WARN_OBJC_ROOT_CLASS = YES_ERROR;
				CLANG_WARN_RANGE_LOOP_ANALYSIS = YES;
				CLANG_WARN_STRICT_PROTOTYPES = YES;
				CLANG_WARN_SUSPICIOUS_MOVE = YES;
				CLANG_WARN_UNGUARDED_AVAILABILITY = YES_AGGRESSIVE;
				CLANG_WARN_UNREACHABLE_CODE = YES;
				CLANG_WARN__DUPLICATE_METHOD_MATCH = YES;
				COPY_PHASE_STRIP = NO;
				DEBUG_INFORMATION_FORMAT = dwarf;
				ENABLE_STRICT_OBJC_MSGSEND = YES;
				ENABLE_TESTABILITY = YES;
				GCC_C_LANGUAGE_STANDARD = gnu11;
				GCC_DYNAMIC_NO_PIC = NO;
				GCC_NO_COMMON_BLOCKS = YES;
				GCC_OPTIMIZATION_LEVEL = 0;
				GCC_PREPROCESSOR_DEFINITIONS = (
					"DEBUG=1",
					"$(inherited)",
				);
				GCC_WARN_64_TO_32_BIT_CONVERSION = YES;
				GCC_WARN_ABOUT_RETURN_TYPE = YES_ERROR;
				GCC_WARN_UNDECLARED_SELECTOR = YES;
				GCC_WARN_UNINITIALIZED_AUTOS = YES_AGGRESSIVE;
				GCC_WARN_UNUSED_FUNCTION = YES;
				GCC_WARN_UNUSED_VARIABLE = YES;
				IPHONEOS_DEPLOYMENT_TARGET = 13.4;
				MTL_ENABLE_DEBUG_INFO = INCLUDE_SOURCE;
				MTL_FAST_MATH = YES;
				ONLY_ACTIVE_ARCH = YES;
				SDKROOT = iphoneos;
			};
			name = Debug;
		};
		4E7B0125245169C5000FD5BD /* Release */ = {
			isa = XCBuildConfiguration;
			buildSettings = {
				ALWAYS_SEARCH_USER_PATHS = NO;
				CLANG_ANALYZER_NONNULL = YES;
				CLANG_ANALYZER_NUMBER_OBJECT_CONVERSION = YES_AGGRESSIVE;
				CLANG_CXX_LANGUAGE_STANDARD = "gnu++14";
				CLANG_CXX_LIBRARY = "libc++";
				CLANG_ENABLE_MODULES = YES;
				CLANG_ENABLE_OBJC_ARC = YES;
				CLANG_ENABLE_OBJC_WEAK = YES;
				CLANG_WARN_BLOCK_CAPTURE_AUTORELEASING = YES;
				CLANG_WARN_BOOL_CONVERSION = YES;
				CLANG_WARN_COMMA = YES;
				CLANG_WARN_CONSTANT_CONVERSION = YES;
				CLANG_WARN_DEPRECATED_OBJC_IMPLEMENTATIONS = YES;
				CLANG_WARN_DIRECT_OBJC_ISA_USAGE = YES_ERROR;
				CLANG_WARN_DOCUMENTATION_COMMENTS = YES;
				CLANG_WARN_EMPTY_BODY = YES;
				CLANG_WARN_ENUM_CONVERSION = YES;
				CLANG_WARN_INFINITE_RECURSION = YES;
				CLANG_WARN_INT_CONVERSION = YES;
				CLANG_WARN_NON_LITERAL_NULL_CONVERSION = YES;
				CLANG_WARN_OBJC_IMPLICIT_RETAIN_SELF = YES;
				CLANG_WARN_OBJC_LITERAL_CONVERSION = YES;
				CLANG_WARN_OBJC_ROOT_CLASS = YES_ERROR;
				CLANG_WARN_RANGE_LOOP_ANALYSIS = YES;
				CLANG_WARN_STRICT_PROTOTYPES = YES;
				CLANG_WARN_SUSPICIOUS_MOVE = YES;
				CLANG_WARN_UNGUARDED_AVAILABILITY = YES_AGGRESSIVE;
				CLANG_WARN_UNREACHABLE_CODE = YES;
				CLANG_WARN__DUPLICATE_METHOD_MATCH = YES;
				COPY_PHASE_STRIP = NO;
				DEBUG_INFORMATION_FORMAT = "dwarf-with-dsym";
				ENABLE_NS_ASSERTIONS = NO;
				ENABLE_STRICT_OBJC_MSGSEND = YES;
				GCC_C_LANGUAGE_STANDARD = gnu11;
				GCC_NO_COMMON_BLOCKS = YES;
				GCC_WARN_64_TO_32_BIT_CONVERSION = YES;
				GCC_WARN_ABOUT_RETURN_TYPE = YES_ERROR;
				GCC_WARN_UNDECLARED_SELECTOR = YES;
				GCC_WARN_UNINITIALIZED_AUTOS = YES_AGGRESSIVE;
				GCC_WARN_UNUSED_FUNCTION = YES;
				GCC_WARN_UNUSED_VARIABLE = YES;
				IPHONEOS_DEPLOYMENT_TARGET = 13.4;
				MTL_ENABLE_DEBUG_INFO = NO;
				MTL_FAST_MATH = YES;
				SDKROOT = iphoneos;
				VALIDATE_PRODUCT = YES;
			};
			name = Release;
		};
		4E7B0127245169C5000FD5BD /* Debug */ = {
			isa = XCBuildConfiguration;
			buildSettings = {
				ASSETCATALOG_COMPILER_APPICON_NAME = AppIcon;
				CODE_SIGN_STYLE = Automatic;
				INFOPLIST_FILE = "日历P/Info.plist";
				LD_RUNPATH_SEARCH_PATHS = (
					"$(inherited)",
					"@executable_path/Frameworks",
				);
				PRODUCT_BUNDLE_IDENTIFIER = "com.danche.aaa.--P";
				PRODUCT_NAME = "$(TARGET_NAME)";
				TARGETED_DEVICE_FAMILY = "1,2";
			};
			name = Debug;
		};
		4E7B0128245169C5000FD5BD /* Release */ = {
			isa = XCBuildConfiguration;
			buildSettings = {
				ASSETCATALOG_COMPILER_APPICON_NAME = AppIcon;
				CODE_SIGN_STYLE = Automatic;
				INFOPLIST_FILE = "日历P/Info.plist";
				LD_RUNPATH_SEARCH_PATHS = (
					"$(inherited)",
					"@executable_path/Frameworks",
				);
				PRODUCT_BUNDLE_IDENTIFIER = "com.danche.aaa.--P";
				PRODUCT_NAME = "$(TARGET_NAME)";
				TARGETED_DEVICE_FAMILY = "1,2";
			};
			name = Release;
		};
/* End XCBuildConfiguration section */

/* Begin XCConfigurationList section */
		4E7B0108245169C2000FD5BD /* Build configuration list for PBXProject "日历P" */ = {
			isa = XCConfigurationList;
			buildConfigurations = (
				4E7B0124245169C5000FD5BD /* Debug */,
				4E7B0125245169C5000FD5BD /* Release */,
			);
			defaultConfigurationIsVisible = 0;
			defaultConfigurationName = Release;
		};
		4E7B0126245169C5000FD5BD /* Build configuration list for PBXNativeTarget "日历P" */ = {
			isa = XCConfigurationList;
			buildConfigurations = (
				4E7B0127245169C5000FD5BD /* Debug */,
				4E7B0128245169C5000FD5BD /* Release */,
			);
			defaultConfigurationIsVisible = 0;
			defaultConfigurationName = Release;
		};
/* End XCConfigurationList section */
	};
	rootObject = 4E7B0105245169C2000FD5BD /* Project object */;
}
